// !$*UTF8*$!
{
	archiveVersion = 1;
	classes = {
	};
	objectVersion = 52;
	objects = {

/* Begin PBXAggregateTarget section */
		A31021E92230775A00B8B4A7 /* SwiftLint */ = {
			isa = PBXAggregateTarget;
			buildConfigurationList = A31021EA2230775A00B8B4A7 /* Build configuration list for PBXAggregateTarget "SwiftLint" */;
			buildPhases = (
				A31021ED2230776100B8B4A7 /* ShellScript */,
			);
			dependencies = (
			);
			name = SwiftLint;
			productName = SwiftLint;
		};
/* End PBXAggregateTarget section */

/* Begin PBXBuildFile section */
		A31021E32230748C00B8B4A7 /* Section.swift in Sources */ = {isa = PBXBuildFile; fileRef = A31021E22230748C00B8B4A7 /* Section.swift */; };
		A31021E5223074D100B8B4A7 /* Reusable.swift in Sources */ = {isa = PBXBuildFile; fileRef = A31021E4223074D100B8B4A7 /* Reusable.swift */; };
		A31021E82230758000B8B4A7 /* CollectionViewSectionHeader.swift in Sources */ = {isa = PBXBuildFile; fileRef = A31021E72230758000B8B4A7 /* CollectionViewSectionHeader.swift */; };
		A31CA3632226684C00DB35B2 /* AppDelegate.swift in Sources */ = {isa = PBXBuildFile; fileRef = A31CA3622226684C00DB35B2 /* AppDelegate.swift */; };
		A31CA3652226684C00DB35B2 /* TrackListViewController.swift in Sources */ = {isa = PBXBuildFile; fileRef = A31CA3642226684C00DB35B2 /* TrackListViewController.swift */; };
		A31CA36A2226684E00DB35B2 /* Assets.xcassets in Resources */ = {isa = PBXBuildFile; fileRef = A31CA3692226684E00DB35B2 /* Assets.xcassets */; };
		A31CA36D2226684E00DB35B2 /* LaunchScreen.storyboard in Resources */ = {isa = PBXBuildFile; fileRef = A31CA36B2226684E00DB35B2 /* LaunchScreen.storyboard */; };
		A397BA9D22267F2D00FEDE37 /* Track.swift in Sources */ = {isa = PBXBuildFile; fileRef = A397BA9C22267F2D00FEDE37 /* Track.swift */; };
		A3B6452622797F8800C04CC1 /* UIEdgeInsets.swift in Sources */ = {isa = PBXBuildFile; fileRef = A3B6452522797F8800C04CC1 /* UIEdgeInsets.swift */; };
		A3B6452822797FD900C04CC1 /* UIColor.swift in Sources */ = {isa = PBXBuildFile; fileRef = A3B6452722797FD900C04CC1 /* UIColor.swift */; };
		A3B6452A22799F2400C04CC1 /* DataSource.swift in Sources */ = {isa = PBXBuildFile; fileRef = A3B6452922799F2400C04CC1 /* DataSource.swift */; };
		A3D67E8D2279A392009A211E /* pockej-kamo.mp3 in Resources */ = {isa = PBXBuildFile; fileRef = A3D67E6F2279A390009A211E /* pockej-kamo.mp3 */; };
		A3D67E8E2279A392009A211E /* ne-nenasadis-ho.mp3 in Resources */ = {isa = PBXBuildFile; fileRef = A3D67E702279A390009A211E /* ne-nenasadis-ho.mp3 */; };
		A3D67E8F2279A392009A211E /* nejvetsi-blbec-na-zemekouli.mp3 in Resources */ = {isa = PBXBuildFile; fileRef = A3D67E712279A390009A211E /* nejvetsi-blbec-na-zemekouli.mp3 */; };
		A3D67E902279A392009A211E /* nebudu-to-delat.mp3 in Resources */ = {isa = PBXBuildFile; fileRef = A3D67E722279A390009A211E /* nebudu-to-delat.mp3 */; };
		A3D67E912279A392009A211E /* nenasadim.mp3 in Resources */ = {isa = PBXBuildFile; fileRef = A3D67E732279A390009A211E /* nenasadim.mp3 */; };
		A3D67E922279A392009A211E /* tady-musis-vsechno-rozdelat.mp3 in Resources */ = {isa = PBXBuildFile; fileRef = A3D67E742279A390009A211E /* tady-musis-vsechno-rozdelat.mp3 */; };
		A3D67E932279A392009A211E /* to-sou-nervy-ty-pico.mp3 in Resources */ = {isa = PBXBuildFile; fileRef = A3D67E752279A390009A211E /* to-sou-nervy-ty-pico.mp3 */; };
		A3D67E942279A392009A211E /* jedinou-picovinku.mp3 in Resources */ = {isa = PBXBuildFile; fileRef = A3D67E762279A390009A211E /* jedinou-picovinku.mp3 */; };
		A3D67E952279A392009A211E /* okamzite-zabit-ty-kurvy.mp3 in Resources */ = {isa = PBXBuildFile; fileRef = A3D67E772279A390009A211E /* okamzite-zabit-ty-kurvy.mp3 */; };
		A3D67E962279A392009A211E /* past-vedle-pasti-pico.mp3 in Resources */ = {isa = PBXBuildFile; fileRef = A3D67E782279A390009A211E /* past-vedle-pasti-pico.mp3 */; };
		A3D67E972279A392009A211E /* to-neni-normalni-kurva.mp3 in Resources */ = {isa = PBXBuildFile; fileRef = A3D67E792279A390009A211E /* to-neni-normalni-kurva.mp3 */; };
		A3D67E982279A392009A211E /* ja-se-z-toho-musim-pojebat.mp3 in Resources */ = {isa = PBXBuildFile; fileRef = A3D67E7A2279A391009A211E /* ja-se-z-toho-musim-pojebat.mp3 */; };
		A3D67E992279A392009A211E /* nevim-jak.mp3 in Resources */ = {isa = PBXBuildFile; fileRef = A3D67E7B2279A391009A211E /* nevim-jak.mp3 */; };
		A3D67E9A2279A392009A211E /* ani-za-kokot-vole.mp3 in Resources */ = {isa = PBXBuildFile; fileRef = A3D67E7C2279A391009A211E /* ani-za-kokot-vole.mp3 */; };
		A3D67E9B2279A392009A211E /* hosi-to-je-neuveritelne.mp3 in Resources */ = {isa = PBXBuildFile; fileRef = A3D67E7D2279A391009A211E /* hosi-to-je-neuveritelne.mp3 */; };
		A3D67E9C2279A392009A211E /* banalni-vec.mp3 in Resources */ = {isa = PBXBuildFile; fileRef = A3D67E7E2279A391009A211E /* banalni-vec.mp3 */; };
		A3D67E9D2279A392009A211E /* neresitelny-problem-hosi.mp3 in Resources */ = {isa = PBXBuildFile; fileRef = A3D67E7F2279A391009A211E /* neresitelny-problem-hosi.mp3 */; };
		A3D67E9E2279A392009A211E /* kurva-do-pice-to-neni-mozne.mp3 in Resources */ = {isa = PBXBuildFile; fileRef = A3D67E802279A391009A211E /* kurva-do-pice-to-neni-mozne.mp3 */; };
		A3D67E9F2279A392009A211E /* ani-ocko-nenasadis.mp3 in Resources */ = {isa = PBXBuildFile; fileRef = A3D67E812279A391009A211E /* ani-ocko-nenasadis.mp3 */; };
		A3D67EA02279A392009A211E /* to-je-pico-nemozne.mp3 in Resources */ = {isa = PBXBuildFile; fileRef = A3D67E822279A391009A211E /* to-je-pico-nemozne.mp3 */; };
		A3D67EA12279A392009A211E /* jedu-do-pici-stadyma.mp3 in Resources */ = {isa = PBXBuildFile; fileRef = A3D67E832279A391009A211E /* jedu-do-pici-stadyma.mp3 */; };
		A3D67EA22279A392009A211E /* ja-to-mrdam.mp3 in Resources */ = {isa = PBXBuildFile; fileRef = A3D67E842279A391009A211E /* ja-to-mrdam.mp3 */; };
		A3D67EA32279A392009A211E /* tuto-picu-potrebuju-utahnout.mp3 in Resources */ = {isa = PBXBuildFile; fileRef = A3D67E852279A391009A211E /* tuto-picu-potrebuju-utahnout.mp3 */; };
		A3D67EA42279A392009A211E /* abych-mohl-toto.mp3 in Resources */ = {isa = PBXBuildFile; fileRef = A3D67E862279A391009A211E /* abych-mohl-toto.mp3 */; };
		A3D67EA52279A392009A211E /* kurva.mp3 in Resources */ = {isa = PBXBuildFile; fileRef = A3D67E872279A391009A211E /* kurva.mp3 */; };
		A3D67EA62279A392009A211E /* ja-to-nejdu-delat.mp3 in Resources */ = {isa = PBXBuildFile; fileRef = A3D67E882279A392009A211E /* ja-to-nejdu-delat.mp3 */; };
		A3D67EA72279A392009A211E /* kurva-uz.mp3 in Resources */ = {isa = PBXBuildFile; fileRef = A3D67E892279A392009A211E /* kurva-uz.mp3 */; };
		A3D67EA82279A392009A211E /* hajzli-jedni.mp3 in Resources */ = {isa = PBXBuildFile; fileRef = A3D67E8A2279A392009A211E /* hajzli-jedni.mp3 */; };
		A3D67EA92279A392009A211E /* do-pice.mp3 in Resources */ = {isa = PBXBuildFile; fileRef = A3D67E8B2279A392009A211E /* do-pice.mp3 */; };
		A3D67EAA2279A392009A211E /* zasrane-zamrdane.mp3 in Resources */ = {isa = PBXBuildFile; fileRef = A3D67E8C2279A392009A211E /* zasrane-zamrdane.mp3 */; };
		A3D67EB12279A399009A211E /* kurev.mp3 in Resources */ = {isa = PBXBuildFile; fileRef = A3D67EAB2279A399009A211E /* kurev.mp3 */; };
		A3D67EB22279A399009A211E /* zkurvila.mp3 in Resources */ = {isa = PBXBuildFile; fileRef = A3D67EAC2279A399009A211E /* zkurvila.mp3 */; };
		A3D67EB32279A399009A211E /* hovno.mp3 in Resources */ = {isa = PBXBuildFile; fileRef = A3D67EAD2279A399009A211E /* hovno.mp3 */; };
		A3D67EB42279A399009A211E /* kunda-tam.mp3 in Resources */ = {isa = PBXBuildFile; fileRef = A3D67EAE2279A399009A211E /* kunda-tam.mp3 */; };
		A3D67EB52279A399009A211E /* kunda.mp3 in Resources */ = {isa = PBXBuildFile; fileRef = A3D67EAF2279A399009A211E /* kunda.mp3 */; };
		A3D67EB62279A399009A211E /* kunda-sem.mp3 in Resources */ = {isa = PBXBuildFile; fileRef = A3D67EB02279A399009A211E /* kunda-sem.mp3 */; };
		A3F67489222FCF640088E94A /* TrackCollectionViewCell.swift in Sources */ = {isa = PBXBuildFile; fileRef = A3F67488222FCF640088E94A /* TrackCollectionViewCell.swift */; };
		A3F674DC222FF92C0088E94A /* TrackListViewModel.swift in Sources */ = {isa = PBXBuildFile; fileRef = A3F674DB222FF92C0088E94A /* TrackListViewModel.swift */; };
		A3FA6133264B9E8D0053CA6E /* SnapKit in Frameworks */ = {isa = PBXBuildFile; productRef = A3FA6132264B9E8D0053CA6E /* SnapKit */; };
/* End PBXBuildFile section */

/* Begin PBXContainerItemProxy section */
		A31021EE2230777A00B8B4A7 /* PBXContainerItemProxy */ = {
			isa = PBXContainerItemProxy;
			containerPortal = A31CA3572226684C00DB35B2 /* Project object */;
			proxyType = 1;
			remoteGlobalIDString = A31021E92230775A00B8B4A7;
			remoteInfo = SwiftLint;
		};
/* End PBXContainerItemProxy section */

/* Begin PBXFileReference section */
		A31021E22230748C00B8B4A7 /* Section.swift */ = {isa = PBXFileReference; lastKnownFileType = sourcecode.swift; path = Section.swift; sourceTree = "<group>"; };
		A31021E4223074D100B8B4A7 /* Reusable.swift */ = {isa = PBXFileReference; lastKnownFileType = sourcecode.swift; path = Reusable.swift; sourceTree = "<group>"; };
		A31021E72230758000B8B4A7 /* CollectionViewSectionHeader.swift */ = {isa = PBXFileReference; lastKnownFileType = sourcecode.swift; path = CollectionViewSectionHeader.swift; sourceTree = "<group>"; };
		A31CA35F2226684C00DB35B2 /* MilujiPraci.app */ = {isa = PBXFileReference; explicitFileType = wrapper.application; includeInIndex = 0; path = MilujiPraci.app; sourceTree = BUILT_PRODUCTS_DIR; };
		A31CA3622226684C00DB35B2 /* AppDelegate.swift */ = {isa = PBXFileReference; lastKnownFileType = sourcecode.swift; path = AppDelegate.swift; sourceTree = "<group>"; };
		A31CA3642226684C00DB35B2 /* TrackListViewController.swift */ = {isa = PBXFileReference; lastKnownFileType = sourcecode.swift; path = TrackListViewController.swift; sourceTree = "<group>"; };
		A31CA3692226684E00DB35B2 /* Assets.xcassets */ = {isa = PBXFileReference; lastKnownFileType = folder.assetcatalog; path = Assets.xcassets; sourceTree = "<group>"; };
		A31CA36C2226684E00DB35B2 /* Base */ = {isa = PBXFileReference; lastKnownFileType = file.storyboard; name = Base; path = Base.lproj/LaunchScreen.storyboard; sourceTree = "<group>"; };
		A31CA36E2226684E00DB35B2 /* Info.plist */ = {isa = PBXFileReference; lastKnownFileType = text.plist.xml; path = Info.plist; sourceTree = "<group>"; };
		A397BA9C22267F2D00FEDE37 /* Track.swift */ = {isa = PBXFileReference; lastKnownFileType = sourcecode.swift; path = Track.swift; sourceTree = "<group>"; };
		A3B6452522797F8800C04CC1 /* UIEdgeInsets.swift */ = {isa = PBXFileReference; lastKnownFileType = sourcecode.swift; path = UIEdgeInsets.swift; sourceTree = "<group>"; };
		A3B6452722797FD900C04CC1 /* UIColor.swift */ = {isa = PBXFileReference; fileEncoding = 4; lastKnownFileType = sourcecode.swift; path = UIColor.swift; sourceTree = "<group>"; };
		A3B6452922799F2400C04CC1 /* DataSource.swift */ = {isa = PBXFileReference; lastKnownFileType = sourcecode.swift; path = DataSource.swift; sourceTree = "<group>"; };
		A3D67E6F2279A390009A211E /* pockej-kamo.mp3 */ = {isa = PBXFileReference; lastKnownFileType = audio.mp3; path = "pockej-kamo.mp3"; sourceTree = "<group>"; };
		A3D67E702279A390009A211E /* ne-nenasadis-ho.mp3 */ = {isa = PBXFileReference; lastKnownFileType = audio.mp3; path = "ne-nenasadis-ho.mp3"; sourceTree = "<group>"; };
		A3D67E712279A390009A211E /* nejvetsi-blbec-na-zemekouli.mp3 */ = {isa = PBXFileReference; lastKnownFileType = audio.mp3; path = "nejvetsi-blbec-na-zemekouli.mp3"; sourceTree = "<group>"; };
		A3D67E722279A390009A211E /* nebudu-to-delat.mp3 */ = {isa = PBXFileReference; lastKnownFileType = audio.mp3; path = "nebudu-to-delat.mp3"; sourceTree = "<group>"; };
		A3D67E732279A390009A211E /* nenasadim.mp3 */ = {isa = PBXFileReference; lastKnownFileType = audio.mp3; path = nenasadim.mp3; sourceTree = "<group>"; };
		A3D67E742279A390009A211E /* tady-musis-vsechno-rozdelat.mp3 */ = {isa = PBXFileReference; lastKnownFileType = audio.mp3; path = "tady-musis-vsechno-rozdelat.mp3"; sourceTree = "<group>"; };
		A3D67E752279A390009A211E /* to-sou-nervy-ty-pico.mp3 */ = {isa = PBXFileReference; lastKnownFileType = audio.mp3; path = "to-sou-nervy-ty-pico.mp3"; sourceTree = "<group>"; };
		A3D67E762279A390009A211E /* jedinou-picovinku.mp3 */ = {isa = PBXFileReference; lastKnownFileType = audio.mp3; path = "jedinou-picovinku.mp3"; sourceTree = "<group>"; };
		A3D67E772279A390009A211E /* okamzite-zabit-ty-kurvy.mp3 */ = {isa = PBXFileReference; lastKnownFileType = audio.mp3; path = "okamzite-zabit-ty-kurvy.mp3"; sourceTree = "<group>"; };
		A3D67E782279A390009A211E /* past-vedle-pasti-pico.mp3 */ = {isa = PBXFileReference; lastKnownFileType = audio.mp3; path = "past-vedle-pasti-pico.mp3"; sourceTree = "<group>"; };
		A3D67E792279A390009A211E /* to-neni-normalni-kurva.mp3 */ = {isa = PBXFileReference; lastKnownFileType = audio.mp3; path = "to-neni-normalni-kurva.mp3"; sourceTree = "<group>"; };
		A3D67E7A2279A391009A211E /* ja-se-z-toho-musim-pojebat.mp3 */ = {isa = PBXFileReference; lastKnownFileType = audio.mp3; path = "ja-se-z-toho-musim-pojebat.mp3"; sourceTree = "<group>"; };
		A3D67E7B2279A391009A211E /* nevim-jak.mp3 */ = {isa = PBXFileReference; lastKnownFileType = audio.mp3; path = "nevim-jak.mp3"; sourceTree = "<group>"; };
		A3D67E7C2279A391009A211E /* ani-za-kokot-vole.mp3 */ = {isa = PBXFileReference; lastKnownFileType = audio.mp3; path = "ani-za-kokot-vole.mp3"; sourceTree = "<group>"; };
		A3D67E7D2279A391009A211E /* hosi-to-je-neuveritelne.mp3 */ = {isa = PBXFileReference; lastKnownFileType = audio.mp3; path = "hosi-to-je-neuveritelne.mp3"; sourceTree = "<group>"; };
		A3D67E7E2279A391009A211E /* banalni-vec.mp3 */ = {isa = PBXFileReference; lastKnownFileType = audio.mp3; path = "banalni-vec.mp3"; sourceTree = "<group>"; };
		A3D67E7F2279A391009A211E /* neresitelny-problem-hosi.mp3 */ = {isa = PBXFileReference; lastKnownFileType = audio.mp3; path = "neresitelny-problem-hosi.mp3"; sourceTree = "<group>"; };
		A3D67E802279A391009A211E /* kurva-do-pice-to-neni-mozne.mp3 */ = {isa = PBXFileReference; lastKnownFileType = audio.mp3; path = "kurva-do-pice-to-neni-mozne.mp3"; sourceTree = "<group>"; };
		A3D67E812279A391009A211E /* ani-ocko-nenasadis.mp3 */ = {isa = PBXFileReference; lastKnownFileType = audio.mp3; path = "ani-ocko-nenasadis.mp3"; sourceTree = "<group>"; };
		A3D67E822279A391009A211E /* to-je-pico-nemozne.mp3 */ = {isa = PBXFileReference; lastKnownFileType = audio.mp3; path = "to-je-pico-nemozne.mp3"; sourceTree = "<group>"; };
		A3D67E832279A391009A211E /* jedu-do-pici-stadyma.mp3 */ = {isa = PBXFileReference; lastKnownFileType = audio.mp3; path = "jedu-do-pici-stadyma.mp3"; sourceTree = "<group>"; };
		A3D67E842279A391009A211E /* ja-to-mrdam.mp3 */ = {isa = PBXFileReference; lastKnownFileType = audio.mp3; path = "ja-to-mrdam.mp3"; sourceTree = "<group>"; };
		A3D67E852279A391009A211E /* tuto-picu-potrebuju-utahnout.mp3 */ = {isa = PBXFileReference; lastKnownFileType = audio.mp3; path = "tuto-picu-potrebuju-utahnout.mp3"; sourceTree = "<group>"; };
		A3D67E862279A391009A211E /* abych-mohl-toto.mp3 */ = {isa = PBXFileReference; lastKnownFileType = audio.mp3; path = "abych-mohl-toto.mp3"; sourceTree = "<group>"; };
		A3D67E872279A391009A211E /* kurva.mp3 */ = {isa = PBXFileReference; lastKnownFileType = audio.mp3; path = kurva.mp3; sourceTree = "<group>"; };
		A3D67E882279A392009A211E /* ja-to-nejdu-delat.mp3 */ = {isa = PBXFileReference; lastKnownFileType = audio.mp3; path = "ja-to-nejdu-delat.mp3"; sourceTree = "<group>"; };
		A3D67E892279A392009A211E /* kurva-uz.mp3 */ = {isa = PBXFileReference; lastKnownFileType = audio.mp3; path = "kurva-uz.mp3"; sourceTree = "<group>"; };
		A3D67E8A2279A392009A211E /* hajzli-jedni.mp3 */ = {isa = PBXFileReference; lastKnownFileType = audio.mp3; path = "hajzli-jedni.mp3"; sourceTree = "<group>"; };
		A3D67E8B2279A392009A211E /* do-pice.mp3 */ = {isa = PBXFileReference; lastKnownFileType = audio.mp3; path = "do-pice.mp3"; sourceTree = "<group>"; };
		A3D67E8C2279A392009A211E /* zasrane-zamrdane.mp3 */ = {isa = PBXFileReference; lastKnownFileType = audio.mp3; path = "zasrane-zamrdane.mp3"; sourceTree = "<group>"; };
		A3D67EAB2279A399009A211E /* kurev.mp3 */ = {isa = PBXFileReference; lastKnownFileType = audio.mp3; path = kurev.mp3; sourceTree = "<group>"; };
		A3D67EAC2279A399009A211E /* zkurvila.mp3 */ = {isa = PBXFileReference; lastKnownFileType = audio.mp3; path = zkurvila.mp3; sourceTree = "<group>"; };
		A3D67EAD2279A399009A211E /* hovno.mp3 */ = {isa = PBXFileReference; lastKnownFileType = audio.mp3; path = hovno.mp3; sourceTree = "<group>"; };
		A3D67EAE2279A399009A211E /* kunda-tam.mp3 */ = {isa = PBXFileReference; lastKnownFileType = audio.mp3; path = "kunda-tam.mp3"; sourceTree = "<group>"; };
		A3D67EAF2279A399009A211E /* kunda.mp3 */ = {isa = PBXFileReference; lastKnownFileType = audio.mp3; path = kunda.mp3; sourceTree = "<group>"; };
		A3D67EB02279A399009A211E /* kunda-sem.mp3 */ = {isa = PBXFileReference; lastKnownFileType = audio.mp3; path = "kunda-sem.mp3"; sourceTree = "<group>"; };
		A3F67488222FCF640088E94A /* TrackCollectionViewCell.swift */ = {isa = PBXFileReference; lastKnownFileType = sourcecode.swift; path = TrackCollectionViewCell.swift; sourceTree = "<group>"; };
		A3F674DB222FF92C0088E94A /* TrackListViewModel.swift */ = {isa = PBXFileReference; lastKnownFileType = sourcecode.swift; path = TrackListViewModel.swift; sourceTree = "<group>"; };
/* End PBXFileReference section */

/* Begin PBXFrameworksBuildPhase section */
		A31CA35C2226684C00DB35B2 /* Frameworks */ = {
			isa = PBXFrameworksBuildPhase;
			buildActionMask = 2147483647;
			files = (
				A3FA6133264B9E8D0053CA6E /* SnapKit in Frameworks */,
			);
			runOnlyForDeploymentPostprocessing = 0;
		};
/* End PBXFrameworksBuildPhase section */

/* Begin PBXGroup section */
		A31021E6223074D500B8B4A7 /* Protocols */ = {
			isa = PBXGroup;
			children = (
				A31021E4223074D100B8B4A7 /* Reusable.swift */,
			);
			path = Protocols;
			sourceTree = "<group>";
		};
		A31CA3562226684C00DB35B2 = {
			isa = PBXGroup;
			children = (
				A31CA3612226684C00DB35B2 /* MilujiPraci */,
				A3D67E242279A308009A211E /* Sounds */,
				A31CA3602226684C00DB35B2 /* Products */,
			);
			sourceTree = "<group>";
		};
		A31CA3602226684C00DB35B2 /* Products */ = {
			isa = PBXGroup;
			children = (
				A31CA35F2226684C00DB35B2 /* MilujiPraci.app */,
			);
			name = Products;
			sourceTree = "<group>";
		};
		A31CA3612226684C00DB35B2 /* MilujiPraci */ = {
			isa = PBXGroup;
			children = (
				A3F674DB222FF92C0088E94A /* TrackListViewModel.swift */,
				A31CA3642226684C00DB35B2 /* TrackListViewController.swift */,
				A3F674E6222FF9B10088E94A /* Extensions */,
				A31021E6223074D500B8B4A7 /* Protocols */,
				A3F674E4222FF9A70088E94A /* Views */,
				A3F674E5222FF9AC0088E94A /* Models */,
				A31CA3622226684C00DB35B2 /* AppDelegate.swift */,
				A31CA3742226688900DB35B2 /* Supporting files */,
			);
			path = MilujiPraci;
			sourceTree = "<group>";
		};
		A31CA3742226688900DB35B2 /* Supporting files */ = {
			isa = PBXGroup;
			children = (
				A31CA3692226684E00DB35B2 /* Assets.xcassets */,
				A31CA36B2226684E00DB35B2 /* LaunchScreen.storyboard */,
				A31CA36E2226684E00DB35B2 /* Info.plist */,
			);
			path = "Supporting files";
			sourceTree = "<group>";
		};
		A3D67E242279A308009A211E /* Sounds */ = {
			isa = PBXGroup;
			children = (
				A3D67E252279A321009A211E /* Basic */,
				A3D67E262279A328009A211E /* Milos */,
			);
			path = Sounds;
			sourceTree = "<group>";
		};
		A3D67E252279A321009A211E /* Basic */ = {
			isa = PBXGroup;
			children = (
				A3D67E862279A391009A211E /* abych-mohl-toto.mp3 */,
				A3D67E812279A391009A211E /* ani-ocko-nenasadis.mp3 */,
				A3D67E7C2279A391009A211E /* ani-za-kokot-vole.mp3 */,
				A3D67E7E2279A391009A211E /* banalni-vec.mp3 */,
				A3D67E8B2279A392009A211E /* do-pice.mp3 */,
				A3D67E8A2279A392009A211E /* hajzli-jedni.mp3 */,
				A3D67E7D2279A391009A211E /* hosi-to-je-neuveritelne.mp3 */,
				A3D67E7A2279A391009A211E /* ja-se-z-toho-musim-pojebat.mp3 */,
				A3D67E842279A391009A211E /* ja-to-mrdam.mp3 */,
				A3D67E882279A392009A211E /* ja-to-nejdu-delat.mp3 */,
				A3D67E762279A390009A211E /* jedinou-picovinku.mp3 */,
				A3D67E832279A391009A211E /* jedu-do-pici-stadyma.mp3 */,
				A3D67E802279A391009A211E /* kurva-do-pice-to-neni-mozne.mp3 */,
				A3D67E892279A392009A211E /* kurva-uz.mp3 */,
				A3D67E872279A391009A211E /* kurva.mp3 */,
				A3D67E702279A390009A211E /* ne-nenasadis-ho.mp3 */,
				A3D67E722279A390009A211E /* nebudu-to-delat.mp3 */,
				A3D67E712279A390009A211E /* nejvetsi-blbec-na-zemekouli.mp3 */,
				A3D67E732279A390009A211E /* nenasadim.mp3 */,
				A3D67E7F2279A391009A211E /* neresitelny-problem-hosi.mp3 */,
				A3D67E7B2279A391009A211E /* nevim-jak.mp3 */,
				A3D67E772279A390009A211E /* okamzite-zabit-ty-kurvy.mp3 */,
				A3D67E782279A390009A211E /* past-vedle-pasti-pico.mp3 */,
				A3D67E6F2279A390009A211E /* pockej-kamo.mp3 */,
				A3D67E742279A390009A211E /* tady-musis-vsechno-rozdelat.mp3 */,
				A3D67E822279A391009A211E /* to-je-pico-nemozne.mp3 */,
				A3D67E792279A390009A211E /* to-neni-normalni-kurva.mp3 */,
				A3D67E752279A390009A211E /* to-sou-nervy-ty-pico.mp3 */,
				A3D67E852279A391009A211E /* tuto-picu-potrebuju-utahnout.mp3 */,
				A3D67E8C2279A392009A211E /* zasrane-zamrdane.mp3 */,
			);
			path = Basic;
			sourceTree = "<group>";
		};
		A3D67E262279A328009A211E /* Milos */ = {
			isa = PBXGroup;
			children = (
				A3D67EAD2279A399009A211E /* hovno.mp3 */,
				A3D67EB02279A399009A211E /* kunda-sem.mp3 */,
				A3D67EAE2279A399009A211E /* kunda-tam.mp3 */,
				A3D67EAF2279A399009A211E /* kunda.mp3 */,
				A3D67EAB2279A399009A211E /* kurev.mp3 */,
				A3D67EAC2279A399009A211E /* zkurvila.mp3 */,
			);
			path = Milos;
			sourceTree = "<group>";
		};
		A3F674E4222FF9A70088E94A /* Views */ = {
			isa = PBXGroup;
			children = (
				A31021E72230758000B8B4A7 /* CollectionViewSectionHeader.swift */,
				A3F67488222FCF640088E94A /* TrackCollectionViewCell.swift */,
			);
			path = Views;
			sourceTree = "<group>";
		};
		A3F674E5222FF9AC0088E94A /* Models */ = {
			isa = PBXGroup;
			children = (
				A3B6452922799F2400C04CC1 /* DataSource.swift */,
				A31021E22230748C00B8B4A7 /* Section.swift */,
				A397BA9C22267F2D00FEDE37 /* Track.swift */,
			);
			path = Models;
			sourceTree = "<group>";
		};
		A3F674E6222FF9B10088E94A /* Extensions */ = {
			isa = PBXGroup;
			children = (
				A3B6452522797F8800C04CC1 /* UIEdgeInsets.swift */,
				A3B6452722797FD900C04CC1 /* UIColor.swift */,
			);
			path = Extensions;
			sourceTree = "<group>";
		};
/* End PBXGroup section */

/* Begin PBXNativeTarget section */
		A31CA35E2226684C00DB35B2 /* MilujiPraci */ = {
			isa = PBXNativeTarget;
			buildConfigurationList = A31CA3712226684E00DB35B2 /* Build configuration list for PBXNativeTarget "MilujiPraci" */;
			buildPhases = (
				A31CA35B2226684C00DB35B2 /* Sources */,
				A31CA35C2226684C00DB35B2 /* Frameworks */,
				A31CA35D2226684C00DB35B2 /* Resources */,
			);
			buildRules = (
			);
			dependencies = (
				A31021EF2230777A00B8B4A7 /* PBXTargetDependency */,
			);
			name = MilujiPraci;
			packageProductDependencies = (
				A3FA6132264B9E8D0053CA6E /* SnapKit */,
			);
			productName = MilujuPraci;
			productReference = A31CA35F2226684C00DB35B2 /* MilujiPraci.app */;
			productType = "com.apple.product-type.application";
		};
/* End PBXNativeTarget section */

/* Begin PBXProject section */
		A31CA3572226684C00DB35B2 /* Project object */ = {
			isa = PBXProject;
			attributes = {
				LastSwiftUpdateCheck = 1010;
				LastUpgradeCheck = 1010;
				ORGANIZATIONNAME = "Lukáš Hromadník";
				TargetAttributes = {
					A31021E92230775A00B8B4A7 = {
						CreatedOnToolsVersion = 10.1;
					};
					A31CA35E2226684C00DB35B2 = {
						CreatedOnToolsVersion = 10.1;
						LastSwiftMigration = 1020;
					};
				};
			};
			buildConfigurationList = A31CA35A2226684C00DB35B2 /* Build configuration list for PBXProject "MilujiPraci" */;
			compatibilityVersion = "Xcode 9.3";
			developmentRegion = en;
			hasScannedForEncodings = 0;
			knownRegions = (
				en,
				Base,
			);
			mainGroup = A31CA3562226684C00DB35B2;
			packageReferences = (
				A3FA6131264B9E8D0053CA6E /* XCRemoteSwiftPackageReference "SnapKit" */,
			);
			productRefGroup = A31CA3602226684C00DB35B2 /* Products */;
			projectDirPath = "";
			projectRoot = "";
			targets = (
				A31CA35E2226684C00DB35B2 /* MilujiPraci */,
				A31021E92230775A00B8B4A7 /* SwiftLint */,
			);
		};
/* End PBXProject section */

/* Begin PBXResourcesBuildPhase section */
		A31CA35D2226684C00DB35B2 /* Resources */ = {
			isa = PBXResourcesBuildPhase;
			buildActionMask = 2147483647;
			files = (
				A3D67E972279A392009A211E /* to-neni-normalni-kurva.mp3 in Resources */,
				A3D67EA82279A392009A211E /* hajzli-jedni.mp3 in Resources */,
				A3D67EA92279A392009A211E /* do-pice.mp3 in Resources */,
				A3D67E942279A392009A211E /* jedinou-picovinku.mp3 in Resources */,
				A3D67EA02279A392009A211E /* to-je-pico-nemozne.mp3 in Resources */,
				A3D67EAA2279A392009A211E /* zasrane-zamrdane.mp3 in Resources */,
				A3D67E912279A392009A211E /* nenasadim.mp3 in Resources */,
				A3D67E9C2279A392009A211E /* banalni-vec.mp3 in Resources */,
				A3D67E932279A392009A211E /* to-sou-nervy-ty-pico.mp3 in Resources */,
				A3D67EA42279A392009A211E /* abych-mohl-toto.mp3 in Resources */,
				A3D67EA22279A392009A211E /* ja-to-mrdam.mp3 in Resources */,
				A3D67EA72279A392009A211E /* kurva-uz.mp3 in Resources */,
				A3D67EB22279A399009A211E /* zkurvila.mp3 in Resources */,
				A3D67EA62279A392009A211E /* ja-to-nejdu-delat.mp3 in Resources */,
				A3D67EB52279A399009A211E /* kunda.mp3 in Resources */,
				A3D67E9E2279A392009A211E /* kurva-do-pice-to-neni-mozne.mp3 in Resources */,
				A31CA36D2226684E00DB35B2 /* LaunchScreen.storyboard in Resources */,
				A3D67E922279A392009A211E /* tady-musis-vsechno-rozdelat.mp3 in Resources */,
				A3D67EB32279A399009A211E /* hovno.mp3 in Resources */,
				A3D67E9B2279A392009A211E /* hosi-to-je-neuveritelne.mp3 in Resources */,
				A31CA36A2226684E00DB35B2 /* Assets.xcassets in Resources */,
				A3D67EB12279A399009A211E /* kurev.mp3 in Resources */,
				A3D67E9F2279A392009A211E /* ani-ocko-nenasadis.mp3 in Resources */,
				A3D67E8D2279A392009A211E /* pockej-kamo.mp3 in Resources */,
				A3D67E8E2279A392009A211E /* ne-nenasadis-ho.mp3 in Resources */,
				A3D67E8F2279A392009A211E /* nejvetsi-blbec-na-zemekouli.mp3 in Resources */,
				A3D67E992279A392009A211E /* nevim-jak.mp3 in Resources */,
				A3D67EA12279A392009A211E /* jedu-do-pici-stadyma.mp3 in Resources */,
				A3D67EB62279A399009A211E /* kunda-sem.mp3 in Resources */,
				A3D67E9D2279A392009A211E /* neresitelny-problem-hosi.mp3 in Resources */,
				A3D67E9A2279A392009A211E /* ani-za-kokot-vole.mp3 in Resources */,
				A3D67E952279A392009A211E /* okamzite-zabit-ty-kurvy.mp3 in Resources */,
				A3D67E962279A392009A211E /* past-vedle-pasti-pico.mp3 in Resources */,
				A3D67E982279A392009A211E /* ja-se-z-toho-musim-pojebat.mp3 in Resources */,
				A3D67EA52279A392009A211E /* kurva.mp3 in Resources */,
				A3D67EB42279A399009A211E /* kunda-tam.mp3 in Resources */,
				A3D67E902279A392009A211E /* nebudu-to-delat.mp3 in Resources */,
				A3D67EA32279A392009A211E /* tuto-picu-potrebuju-utahnout.mp3 in Resources */,
			);
			runOnlyForDeploymentPostprocessing = 0;
		};
/* End PBXResourcesBuildPhase section */

/* Begin PBXShellScriptBuildPhase section */
		A31021ED2230776100B8B4A7 /* ShellScript */ = {
			isa = PBXShellScriptBuildPhase;
			buildActionMask = 2147483647;
			files = (
			);
			inputFileListPaths = (
			);
			inputPaths = (
			);
			outputFileListPaths = (
			);
			outputPaths = (
			);
			runOnlyForDeploymentPostprocessing = 0;
			shellPath = /bin/sh;
			shellScript = "mint run swiftlint autocorrect\nmint run swiftlint\n";
		};
/* End PBXShellScriptBuildPhase section */

/* Begin PBXSourcesBuildPhase section */
		A31CA35B2226684C00DB35B2 /* Sources */ = {
			isa = PBXSourcesBuildPhase;
			buildActionMask = 2147483647;
			files = (
				A3F674DC222FF92C0088E94A /* TrackListViewModel.swift in Sources */,
				A3B6452A22799F2400C04CC1 /* DataSource.swift in Sources */,
				A31CA3652226684C00DB35B2 /* TrackListViewController.swift in Sources */,
				A31021E32230748C00B8B4A7 /* Section.swift in Sources */,
				A31021E5223074D100B8B4A7 /* Reusable.swift in Sources */,
				A31CA3632226684C00DB35B2 /* AppDelegate.swift in Sources */,
				A3B6452622797F8800C04CC1 /* UIEdgeInsets.swift in Sources */,
				A3B6452822797FD900C04CC1 /* UIColor.swift in Sources */,
				A3F67489222FCF640088E94A /* TrackCollectionViewCell.swift in Sources */,
				A397BA9D22267F2D00FEDE37 /* Track.swift in Sources */,
				A31021E82230758000B8B4A7 /* CollectionViewSectionHeader.swift in Sources */,
			);
			runOnlyForDeploymentPostprocessing = 0;
		};
/* End PBXSourcesBuildPhase section */

/* Begin PBXTargetDependency section */
		A31021EF2230777A00B8B4A7 /* PBXTargetDependency */ = {
			isa = PBXTargetDependency;
			target = A31021E92230775A00B8B4A7 /* SwiftLint */;
			targetProxy = A31021EE2230777A00B8B4A7 /* PBXContainerItemProxy */;
		};
/* End PBXTargetDependency section */

/* Begin PBXVariantGroup section */
		A31CA36B2226684E00DB35B2 /* LaunchScreen.storyboard */ = {
			isa = PBXVariantGroup;
			children = (
				A31CA36C2226684E00DB35B2 /* Base */,
			);
			name = LaunchScreen.storyboard;
			sourceTree = "<group>";
		};
/* End PBXVariantGroup section */

/* Begin XCBuildConfiguration section */
		A31021EB2230775A00B8B4A7 /* Debug */ = {
			isa = XCBuildConfiguration;
			buildSettings = {
				CODE_SIGN_STYLE = Automatic;
				DEVELOPMENT_TEAM = PXDF48X6VX;
				PRODUCT_NAME = "$(TARGET_NAME)";
			};
			name = Debug;
		};
		A31021EC2230775A00B8B4A7 /* Release */ = {
			isa = XCBuildConfiguration;
			buildSettings = {
				CODE_SIGN_STYLE = Automatic;
				DEVELOPMENT_TEAM = PXDF48X6VX;
				PRODUCT_NAME = "$(TARGET_NAME)";
			};
			name = Release;
		};
		A31CA36F2226684E00DB35B2 /* Debug */ = {
			isa = XCBuildConfiguration;
			buildSettings = {
				ALWAYS_SEARCH_USER_PATHS = NO;
				CLANG_ANALYZER_NONNULL = YES;
				CLANG_ANALYZER_NUMBER_OBJECT_CONVERSION = YES_AGGRESSIVE;
				CLANG_CXX_LANGUAGE_STANDARD = "gnu++14";
				CLANG_CXX_LIBRARY = "libc++";
				CLANG_ENABLE_MODULES = YES;
				CLANG_ENABLE_OBJC_ARC = YES;
				CLANG_ENABLE_OBJC_WEAK = YES;
				CLANG_WARN_BLOCK_CAPTURE_AUTORELEASING = YES;
				CLANG_WARN_BOOL_CONVERSION = YES;
				CLANG_WARN_COMMA = YES;
				CLANG_WARN_CONSTANT_CONVERSION = YES;
				CLANG_WARN_DEPRECATED_OBJC_IMPLEMENTATIONS = YES;
				CLANG_WARN_DIRECT_OBJC_ISA_USAGE = YES_ERROR;
				CLANG_WARN_DOCUMENTATION_COMMENTS = YES;
				CLANG_WARN_EMPTY_BODY = YES;
				CLANG_WARN_ENUM_CONVERSION = YES;
				CLANG_WARN_INFINITE_RECURSION = YES;
				CLANG_WARN_INT_CONVERSION = YES;
				CLANG_WARN_NON_LITERAL_NULL_CONVERSION = YES;
				CLANG_WARN_OBJC_IMPLICIT_RETAIN_SELF = YES;
				CLANG_WARN_OBJC_LITERAL_CONVERSION = YES;
				CLANG_WARN_OBJC_ROOT_CLASS = YES_ERROR;
				CLANG_WARN_RANGE_LOOP_ANALYSIS = YES;
				CLANG_WARN_STRICT_PROTOTYPES = YES;
				CLANG_WARN_SUSPICIOUS_MOVE = YES;
				CLANG_WARN_UNGUARDED_AVAILABILITY = YES_AGGRESSIVE;
				CLANG_WARN_UNREACHABLE_CODE = YES;
				CLANG_WARN__DUPLICATE_METHOD_MATCH = YES;
				CODE_SIGN_IDENTITY = "iPhone Developer";
				COPY_PHASE_STRIP = NO;
				DEBUG_INFORMATION_FORMAT = dwarf;
				ENABLE_STRICT_OBJC_MSGSEND = YES;
				ENABLE_TESTABILITY = YES;
				GCC_C_LANGUAGE_STANDARD = gnu11;
				GCC_DYNAMIC_NO_PIC = NO;
				GCC_NO_COMMON_BLOCKS = YES;
				GCC_OPTIMIZATION_LEVEL = 0;
				GCC_PREPROCESSOR_DEFINITIONS = (
					"DEBUG=1",
					"$(inherited)",
				);
				GCC_WARN_64_TO_32_BIT_CONVERSION = YES;
				GCC_WARN_ABOUT_RETURN_TYPE = YES_ERROR;
				GCC_WARN_UNDECLARED_SELECTOR = YES;
				GCC_WARN_UNINITIALIZED_AUTOS = YES_AGGRESSIVE;
				GCC_WARN_UNUSED_FUNCTION = YES;
				GCC_WARN_UNUSED_VARIABLE = YES;
				IPHONEOS_DEPLOYMENT_TARGET = 12.1;
				MTL_ENABLE_DEBUG_INFO = INCLUDE_SOURCE;
				MTL_FAST_MATH = YES;
				ONLY_ACTIVE_ARCH = YES;
				SDKROOT = iphoneos;
				SWIFT_ACTIVE_COMPILATION_CONDITIONS = DEBUG;
				SWIFT_OPTIMIZATION_LEVEL = "-Onone";
			};
			name = Debug;
		};
		A31CA3702226684E00DB35B2 /* Release */ = {
			isa = XCBuildConfiguration;
			buildSettings = {
				ALWAYS_SEARCH_USER_PATHS = NO;
				CLANG_ANALYZER_NONNULL = YES;
				CLANG_ANALYZER_NUMBER_OBJECT_CONVERSION = YES_AGGRESSIVE;
				CLANG_CXX_LANGUAGE_STANDARD = "gnu++14";
				CLANG_CXX_LIBRARY = "libc++";
				CLANG_ENABLE_MODULES = YES;
				CLANG_ENABLE_OBJC_ARC = YES;
				CLANG_ENABLE_OBJC_WEAK = YES;
				CLANG_WARN_BLOCK_CAPTURE_AUTORELEASING = YES;
				CLANG_WARN_BOOL_CONVERSION = YES;
				CLANG_WARN_COMMA = YES;
				CLANG_WARN_CONSTANT_CONVERSION = YES;
				CLANG_WARN_DEPRECATED_OBJC_IMPLEMENTATIONS = YES;
				CLANG_WARN_DIRECT_OBJC_ISA_USAGE = YES_ERROR;
				CLANG_WARN_DOCUMENTATION_COMMENTS = YES;
				CLANG_WARN_EMPTY_BODY = YES;
				CLANG_WARN_ENUM_CONVERSION = YES;
				CLANG_WARN_INFINITE_RECURSION = YES;
				CLANG_WARN_INT_CONVERSION = YES;
				CLANG_WARN_NON_LITERAL_NULL_CONVERSION = YES;
				CLANG_WARN_OBJC_IMPLICIT_RETAIN_SELF = YES;
				CLANG_WARN_OBJC_LITERAL_CONVERSION = YES;
				CLANG_WARN_OBJC_ROOT_CLASS = YES_ERROR;
				CLANG_WARN_RANGE_LOOP_ANALYSIS = YES;
				CLANG_WARN_STRICT_PROTOTYPES = YES;
				CLANG_WARN_SUSPICIOUS_MOVE = YES;
				CLANG_WARN_UNGUARDED_AVAILABILITY = YES_AGGRESSIVE;
				CLANG_WARN_UNREACHABLE_CODE = YES;
				CLANG_WARN__DUPLICATE_METHOD_MATCH = YES;
				CODE_SIGN_IDENTITY = "iPhone Developer";
				COPY_PHASE_STRIP = NO;
				DEBUG_INFORMATION_FORMAT = "dwarf-with-dsym";
				ENABLE_NS_ASSERTIONS = NO;
				ENABLE_STRICT_OBJC_MSGSEND = YES;
				GCC_C_LANGUAGE_STANDARD = gnu11;
				GCC_NO_COMMON_BLOCKS = YES;
				GCC_WARN_64_TO_32_BIT_CONVERSION = YES;
				GCC_WARN_ABOUT_RETURN_TYPE = YES_ERROR;
				GCC_WARN_UNDECLARED_SELECTOR = YES;
				GCC_WARN_UNINITIALIZED_AUTOS = YES_AGGRESSIVE;
				GCC_WARN_UNUSED_FUNCTION = YES;
				GCC_WARN_UNUSED_VARIABLE = YES;
				IPHONEOS_DEPLOYMENT_TARGET = 12.1;
				MTL_ENABLE_DEBUG_INFO = NO;
				MTL_FAST_MATH = YES;
				SDKROOT = iphoneos;
				SWIFT_COMPILATION_MODE = wholemodule;
				SWIFT_OPTIMIZATION_LEVEL = "-O";
				VALIDATE_PRODUCT = YES;
			};
			name = Release;
		};
		A31CA3722226684E00DB35B2 /* Debug */ = {
			isa = XCBuildConfiguration;
			buildSettings = {
				ASSETCATALOG_COMPILER_APPICON_NAME = AppIcon;
				CODE_SIGN_IDENTITY = "iPhone Developer: Pan CI (Q8VZP6UP2N)";
				CODE_SIGN_STYLE = Manual;
				DEVELOPMENT_TEAM = PXDF48X6VX;
				FRAMEWORK_SEARCH_PATHS = (
					"$(inherited)",
					"$(PROJECT_DIR)/Carthage/Build/iOS",
				);
				INFOPLIST_FILE = "$(SRCROOT)/MilujiPraci/Supporting files/Info.plist";
				IPHONEOS_DEPLOYMENT_TARGET = 13.0;
				LD_RUNPATH_SEARCH_PATHS = (
					"$(inherited)",
					"@executable_path/Frameworks",
				);
				PRODUCT_BUNDLE_IDENTIFIER = cz.ackee.enterprise.MilujiPraci;
				PRODUCT_NAME = "$(TARGET_NAME)";
				PROVISIONING_PROFILE_SPECIFIER = "match Development cz.ackee.enterprise.*";
				SWIFT_VERSION = 5.0;
				TARGETED_DEVICE_FAMILY = "1,2";
			};
			name = Debug;
		};
		A31CA3732226684E00DB35B2 /* Release */ = {
			isa = XCBuildConfiguration;
			buildSettings = {
				ASSETCATALOG_COMPILER_APPICON_NAME = AppIcon;
				CODE_SIGN_IDENTITY = "iPhone Distribution";
				CODE_SIGN_STYLE = Manual;
				DEVELOPMENT_TEAM = PXDF48X6VX;
				FRAMEWORK_SEARCH_PATHS = (
					"$(inherited)",
					"$(PROJECT_DIR)/Carthage/Build/iOS",
				);
				INFOPLIST_FILE = "$(SRCROOT)/MilujiPraci/Supporting files/Info.plist";
				IPHONEOS_DEPLOYMENT_TARGET = 13.0;
				LD_RUNPATH_SEARCH_PATHS = (
					"$(inherited)",
					"@executable_path/Frameworks",
				);
				PRODUCT_BUNDLE_IDENTIFIER = cz.ackee.enterprise.MilujiPraci;
				PRODUCT_NAME = "$(TARGET_NAME)";
				PROVISIONING_PROFILE_SPECIFIER = "match InHouse cz.ackee.enterprise.*";
				SWIFT_VERSION = 5.0;
				TARGETED_DEVICE_FAMILY = "1,2";
			};
			name = Release;
		};
/* End XCBuildConfiguration section */

/* Begin XCConfigurationList section */
		A31021EA2230775A00B8B4A7 /* Build configuration list for PBXAggregateTarget "SwiftLint" */ = {
			isa = XCConfigurationList;
			buildConfigurations = (
				A31021EB2230775A00B8B4A7 /* Debug */,
				A31021EC2230775A00B8B4A7 /* Release */,
			);
			defaultConfigurationIsVisible = 0;
			defaultConfigurationName = Release;
		};
		A31CA35A2226684C00DB35B2 /* Build configuration list for PBXProject "MilujiPraci" */ = {
			isa = XCConfigurationList;
			buildConfigurations = (
				A31CA36F2226684E00DB35B2 /* Debug */,
				A31CA3702226684E00DB35B2 /* Release */,
			);
			defaultConfigurationIsVisible = 0;
			defaultConfigurationName = Release;
		};
		A31CA3712226684E00DB35B2 /* Build configuration list for PBXNativeTarget "MilujiPraci" */ = {
			isa = XCConfigurationList;
			buildConfigurations = (
				A31CA3722226684E00DB35B2 /* Debug */,
				A31CA3732226684E00DB35B2 /* Release */,
			);
			defaultConfigurationIsVisible = 0;
			defaultConfigurationName = Release;
		};
/* End XCConfigurationList section */

/* Begin XCRemoteSwiftPackageReference section */
		A3FA6131264B9E8D0053CA6E /* XCRemoteSwiftPackageReference "SnapKit" */ = {
			isa = XCRemoteSwiftPackageReference;
			repositoryURL = "https://github.com/SnapKit/SnapKit";
			requirement = {
				kind = upToNextMajorVersion;
				minimumVersion = 5.0.1;
			};
		};
/* End XCRemoteSwiftPackageReference section */

/* Begin XCSwiftPackageProductDependency section */
		A3FA6132264B9E8D0053CA6E /* SnapKit */ = {
			isa = XCSwiftPackageProductDependency;
			package = A3FA6131264B9E8D0053CA6E /* XCRemoteSwiftPackageReference "SnapKit" */;
			productName = SnapKit;
		};
/* End XCSwiftPackageProductDependency section */
	};
	rootObject = A31CA3572226684C00DB35B2 /* Project object */;
}
