// !$*UTF8*$!
{
	archiveVersion = 1;
	classes = {
	};
	objectVersion = 51;
	objects = {

/* Begin PBXAggregateTarget section */
		A31021E92230775A00B8B4A7 /* SwiftLint */ = {
			isa = PBXAggregateTarget;
			buildConfigurationList = A31021EA2230775A00B8B4A7 /* Build configuration list for PBXAggregateTarget "SwiftLint" */;
			buildPhases = (
				A31021ED2230776100B8B4A7 /* ShellScript */,
			);
			dependencies = (
			);
			name = SwiftLint;
			productName = SwiftLint;
		};
/* End PBXAggregateTarget section */

/* Begin PBXBuildFile section */
		A31021E32230748C00B8B4A7 /* Section.swift in Sources */ = {isa = PBXBuildFile; fileRef = A31021E22230748C00B8B4A7 /* Section.swift */; };
		A31021E5223074D100B8B4A7 /* Reusable.swift in Sources */ = {isa = PBXBuildFile; fileRef = A31021E4223074D100B8B4A7 /* Reusable.swift */; };
		A31021E82230758000B8B4A7 /* CollectionViewSectionHeader.swift in Sources */ = {isa = PBXBuildFile; fileRef = A31021E72230758000B8B4A7 /* CollectionViewSectionHeader.swift */; };
		A31CA3632226684C00DB35B2 /* AppDelegate.swift in Sources */ = {isa = PBXBuildFile; fileRef = A31CA3622226684C00DB35B2 /* AppDelegate.swift */; };
		A31CA3652226684C00DB35B2 /* TrackListViewController.swift in Sources */ = {isa = PBXBuildFile; fileRef = A31CA3642226684C00DB35B2 /* TrackListViewController.swift */; };
		A31CA36A2226684E00DB35B2 /* Assets.xcassets in Resources */ = {isa = PBXBuildFile; fileRef = A31CA3692226684E00DB35B2 /* Assets.xcassets */; };
		A31CA36D2226684E00DB35B2 /* LaunchScreen.storyboard in Resources */ = {isa = PBXBuildFile; fileRef = A31CA36B2226684E00DB35B2 /* LaunchScreen.storyboard */; };
		A397BA9B22267E8800FEDE37 /* UIColorExtensions.swift in Sources */ = {isa = PBXBuildFile; fileRef = A397BA9A22267E8800FEDE37 /* UIColorExtensions.swift */; };
		A397BA9D22267F2D00FEDE37 /* Track.swift in Sources */ = {isa = PBXBuildFile; fileRef = A397BA9C22267F2D00FEDE37 /* Track.swift */; };
		A3F67489222FCF640088E94A /* TrackCollectionViewCell.swift in Sources */ = {isa = PBXBuildFile; fileRef = A3F67488222FCF640088E94A /* TrackCollectionViewCell.swift */; };
		A3F6748D222FEFEE0088E94A /* SnapKit.framework in Frameworks */ = {isa = PBXBuildFile; fileRef = A3F6748C222FEFEE0088E94A /* SnapKit.framework */; };
		A3F674B0222FF8D40088E94A /* kurva-uz.mp3 in Resources */ = {isa = PBXBuildFile; fileRef = A3F67492222FF8D20088E94A /* kurva-uz.mp3 */; };
		A3F674B1222FF8D40088E94A /* past-vedle-pasti-pico.mp3 in Resources */ = {isa = PBXBuildFile; fileRef = A3F67493222FF8D30088E94A /* past-vedle-pasti-pico.mp3 */; };
		A3F674B2222FF8D40088E94A /* to-je-pico-nemozne.mp3 in Resources */ = {isa = PBXBuildFile; fileRef = A3F67494222FF8D30088E94A /* to-je-pico-nemozne.mp3 */; };
		A3F674B3222FF8D40088E94A /* ani-ocko-nenasadis.mp3 in Resources */ = {isa = PBXBuildFile; fileRef = A3F67495222FF8D30088E94A /* ani-ocko-nenasadis.mp3 */; };
		A3F674B4222FF8D40088E94A /* tady-musis-vsechno-rozdelat.mp3 in Resources */ = {isa = PBXBuildFile; fileRef = A3F67496222FF8D30088E94A /* tady-musis-vsechno-rozdelat.mp3 */; };
		A3F674B5222FF8D40088E94A /* ne-nenasadis-ho.mp3 in Resources */ = {isa = PBXBuildFile; fileRef = A3F67497222FF8D30088E94A /* ne-nenasadis-ho.mp3 */; };
		A3F674B6222FF8D40088E94A /* do-pice.mp3 in Resources */ = {isa = PBXBuildFile; fileRef = A3F67498222FF8D30088E94A /* do-pice.mp3 */; };
		A3F674B7222FF8D40088E94A /* nevim-jak.mp3 in Resources */ = {isa = PBXBuildFile; fileRef = A3F67499222FF8D30088E94A /* nevim-jak.mp3 */; };
		A3F674B8222FF8D40088E94A /* ja-se-z-toho-musim-pojebat.mp3 in Resources */ = {isa = PBXBuildFile; fileRef = A3F6749A222FF8D30088E94A /* ja-se-z-toho-musim-pojebat.mp3 */; };
		A3F674B9222FF8D40088E94A /* to-neni-normalni-kurva.mp3 in Resources */ = {isa = PBXBuildFile; fileRef = A3F6749B222FF8D30088E94A /* to-neni-normalni-kurva.mp3 */; };
		A3F674BA222FF8D40088E94A /* neresitelny-problem-hosi.mp3 in Resources */ = {isa = PBXBuildFile; fileRef = A3F6749C222FF8D30088E94A /* neresitelny-problem-hosi.mp3 */; };
		A3F674BB222FF8D40088E94A /* ani-za-kokot-vole.mp3 in Resources */ = {isa = PBXBuildFile; fileRef = A3F6749D222FF8D30088E94A /* ani-za-kokot-vole.mp3 */; };
		A3F674BC222FF8D40088E94A /* zasrane-zamrdane.mp3 in Resources */ = {isa = PBXBuildFile; fileRef = A3F6749E222FF8D30088E94A /* zasrane-zamrdane.mp3 */; };
		A3F674BD222FF8D40088E94A /* nenasadim.mp3 in Resources */ = {isa = PBXBuildFile; fileRef = A3F6749F222FF8D30088E94A /* nenasadim.mp3 */; };
		A3F674BE222FF8D40088E94A /* kurva-do-pice-to-neni-mozne.mp3 in Resources */ = {isa = PBXBuildFile; fileRef = A3F674A0222FF8D30088E94A /* kurva-do-pice-to-neni-mozne.mp3 */; };
		A3F674BF222FF8D40088E94A /* nejvetsi-blbec-na-zemekouli.mp3 in Resources */ = {isa = PBXBuildFile; fileRef = A3F674A1222FF8D30088E94A /* nejvetsi-blbec-na-zemekouli.mp3 */; };
		A3F674C0222FF8D40088E94A /* to-sou-nervy-ty-pico.mp3 in Resources */ = {isa = PBXBuildFile; fileRef = A3F674A2222FF8D30088E94A /* to-sou-nervy-ty-pico.mp3 */; };
		A3F674C1222FF8D40088E94A /* ja-to-nejdu-delat.mp3 in Resources */ = {isa = PBXBuildFile; fileRef = A3F674A3222FF8D30088E94A /* ja-to-nejdu-delat.mp3 */; };
		A3F674C2222FF8D40088E94A /* ja-to-mrdam.mp3 in Resources */ = {isa = PBXBuildFile; fileRef = A3F674A4222FF8D30088E94A /* ja-to-mrdam.mp3 */; };
		A3F674C3222FF8D40088E94A /* okamzite-zabit-ty-kurvy.mp3 in Resources */ = {isa = PBXBuildFile; fileRef = A3F674A5222FF8D30088E94A /* okamzite-zabit-ty-kurvy.mp3 */; };
		A3F674C4222FF8D40088E94A /* hajzli-jedni.mp3 in Resources */ = {isa = PBXBuildFile; fileRef = A3F674A6222FF8D40088E94A /* hajzli-jedni.mp3 */; };
		A3F674C5222FF8D40088E94A /* banalni-vec.mp3 in Resources */ = {isa = PBXBuildFile; fileRef = A3F674A7222FF8D40088E94A /* banalni-vec.mp3 */; };
		A3F674C6222FF8D40088E94A /* tuto-picu-potrebuju-utahnout.mp3 in Resources */ = {isa = PBXBuildFile; fileRef = A3F674A8222FF8D40088E94A /* tuto-picu-potrebuju-utahnout.mp3 */; };
		A3F674C7222FF8D40088E94A /* kurva.mp3 in Resources */ = {isa = PBXBuildFile; fileRef = A3F674A9222FF8D40088E94A /* kurva.mp3 */; };
		A3F674C8222FF8D40088E94A /* nebudu-to-delat.mp3 in Resources */ = {isa = PBXBuildFile; fileRef = A3F674AA222FF8D40088E94A /* nebudu-to-delat.mp3 */; };
		A3F674C9222FF8D40088E94A /* abych-mohl-toto.mp3 in Resources */ = {isa = PBXBuildFile; fileRef = A3F674AB222FF8D40088E94A /* abych-mohl-toto.mp3 */; };
		A3F674CA222FF8D40088E94A /* jedinou-picovinku.mp3 in Resources */ = {isa = PBXBuildFile; fileRef = A3F674AC222FF8D40088E94A /* jedinou-picovinku.mp3 */; };
		A3F674CB222FF8D40088E94A /* hosi-to-je-neuveritelne.mp3 in Resources */ = {isa = PBXBuildFile; fileRef = A3F674AD222FF8D40088E94A /* hosi-to-je-neuveritelne.mp3 */; };
		A3F674CC222FF8D40088E94A /* pockej-kamo.mp3 in Resources */ = {isa = PBXBuildFile; fileRef = A3F674AE222FF8D40088E94A /* pockej-kamo.mp3 */; };
		A3F674CD222FF8D40088E94A /* jedu-do-pici-stadyma.mp3 in Resources */ = {isa = PBXBuildFile; fileRef = A3F674AF222FF8D40088E94A /* jedu-do-pici-stadyma.mp3 */; };
		A3F674D4222FF8E40088E94A /* kurev.mp3 in Resources */ = {isa = PBXBuildFile; fileRef = A3F674CE222FF8E40088E94A /* kurev.mp3 */; };
		A3F674D5222FF8E40088E94A /* zkurvila.mp3 in Resources */ = {isa = PBXBuildFile; fileRef = A3F674CF222FF8E40088E94A /* zkurvila.mp3 */; };
		A3F674D6222FF8E40088E94A /* kunda.mp3 in Resources */ = {isa = PBXBuildFile; fileRef = A3F674D0222FF8E40088E94A /* kunda.mp3 */; };
		A3F674D7222FF8E40088E94A /* kunda-tam.mp3 in Resources */ = {isa = PBXBuildFile; fileRef = A3F674D1222FF8E40088E94A /* kunda-tam.mp3 */; };
		A3F674D8222FF8E40088E94A /* kunda-sem.mp3 in Resources */ = {isa = PBXBuildFile; fileRef = A3F674D2222FF8E40088E94A /* kunda-sem.mp3 */; };
		A3F674D9222FF8E40088E94A /* hovno.mp3 in Resources */ = {isa = PBXBuildFile; fileRef = A3F674D3222FF8E40088E94A /* hovno.mp3 */; };
		A3F674DC222FF92C0088E94A /* TrackListViewModel.swift in Sources */ = {isa = PBXBuildFile; fileRef = A3F674DB222FF92C0088E94A /* TrackListViewModel.swift */; };
/* End PBXBuildFile section */

/* Begin PBXContainerItemProxy section */
		A31021EE2230777A00B8B4A7 /* PBXContainerItemProxy */ = {
			isa = PBXContainerItemProxy;
			containerPortal = A31CA3572226684C00DB35B2 /* Project object */;
			proxyType = 1;
			remoteGlobalIDString = A31021E92230775A00B8B4A7;
			remoteInfo = SwiftLint;
		};
/* End PBXContainerItemProxy section */

/* Begin PBXFileReference section */
		A31021E22230748C00B8B4A7 /* Section.swift */ = {isa = PBXFileReference; lastKnownFileType = sourcecode.swift; path = Section.swift; sourceTree = "<group>"; };
		A31021E4223074D100B8B4A7 /* Reusable.swift */ = {isa = PBXFileReference; lastKnownFileType = sourcecode.swift; path = Reusable.swift; sourceTree = "<group>"; };
		A31021E72230758000B8B4A7 /* CollectionViewSectionHeader.swift */ = {isa = PBXFileReference; lastKnownFileType = sourcecode.swift; path = CollectionViewSectionHeader.swift; sourceTree = "<group>"; };
		A31CA35F2226684C00DB35B2 /* MilujiPraci.app */ = {isa = PBXFileReference; explicitFileType = wrapper.application; includeInIndex = 0; path = MilujiPraci.app; sourceTree = BUILT_PRODUCTS_DIR; };
		A31CA3622226684C00DB35B2 /* AppDelegate.swift */ = {isa = PBXFileReference; lastKnownFileType = sourcecode.swift; path = AppDelegate.swift; sourceTree = "<group>"; };
		A31CA3642226684C00DB35B2 /* TrackListViewController.swift */ = {isa = PBXFileReference; lastKnownFileType = sourcecode.swift; path = TrackListViewController.swift; sourceTree = "<group>"; };
		A31CA3692226684E00DB35B2 /* Assets.xcassets */ = {isa = PBXFileReference; lastKnownFileType = folder.assetcatalog; path = Assets.xcassets; sourceTree = "<group>"; };
		A31CA36C2226684E00DB35B2 /* Base */ = {isa = PBXFileReference; lastKnownFileType = file.storyboard; name = Base; path = Base.lproj/LaunchScreen.storyboard; sourceTree = "<group>"; };
		A31CA36E2226684E00DB35B2 /* Info.plist */ = {isa = PBXFileReference; lastKnownFileType = text.plist.xml; path = Info.plist; sourceTree = "<group>"; };
		A397BA9A22267E8800FEDE37 /* UIColorExtensions.swift */ = {isa = PBXFileReference; lastKnownFileType = sourcecode.swift; path = UIColorExtensions.swift; sourceTree = "<group>"; };
		A397BA9C22267F2D00FEDE37 /* Track.swift */ = {isa = PBXFileReference; lastKnownFileType = sourcecode.swift; path = Track.swift; sourceTree = "<group>"; };
		A3F67488222FCF640088E94A /* TrackCollectionViewCell.swift */ = {isa = PBXFileReference; lastKnownFileType = sourcecode.swift; path = TrackCollectionViewCell.swift; sourceTree = "<group>"; };
		A3F6748C222FEFEE0088E94A /* SnapKit.framework */ = {isa = PBXFileReference; lastKnownFileType = wrapper.framework; name = SnapKit.framework; path = Carthage/Build/iOS/SnapKit.framework; sourceTree = "<group>"; };
		A3F67492222FF8D20088E94A /* kurva-uz.mp3 */ = {isa = PBXFileReference; lastKnownFileType = audio.mp3; name = "kurva-uz.mp3"; path = "Resources/Sounds/Basic/kurva-uz.mp3"; sourceTree = SOURCE_ROOT; };
		A3F67493222FF8D30088E94A /* past-vedle-pasti-pico.mp3 */ = {isa = PBXFileReference; lastKnownFileType = audio.mp3; name = "past-vedle-pasti-pico.mp3"; path = "Resources/Sounds/Basic/past-vedle-pasti-pico.mp3"; sourceTree = SOURCE_ROOT; };
		A3F67494222FF8D30088E94A /* to-je-pico-nemozne.mp3 */ = {isa = PBXFileReference; lastKnownFileType = audio.mp3; name = "to-je-pico-nemozne.mp3"; path = "Resources/Sounds/Basic/to-je-pico-nemozne.mp3"; sourceTree = SOURCE_ROOT; };
		A3F67495222FF8D30088E94A /* ani-ocko-nenasadis.mp3 */ = {isa = PBXFileReference; lastKnownFileType = audio.mp3; name = "ani-ocko-nenasadis.mp3"; path = "Resources/Sounds/Basic/ani-ocko-nenasadis.mp3"; sourceTree = SOURCE_ROOT; };
		A3F67496222FF8D30088E94A /* tady-musis-vsechno-rozdelat.mp3 */ = {isa = PBXFileReference; lastKnownFileType = audio.mp3; name = "tady-musis-vsechno-rozdelat.mp3"; path = "Resources/Sounds/Basic/tady-musis-vsechno-rozdelat.mp3"; sourceTree = SOURCE_ROOT; };
		A3F67497222FF8D30088E94A /* ne-nenasadis-ho.mp3 */ = {isa = PBXFileReference; lastKnownFileType = audio.mp3; name = "ne-nenasadis-ho.mp3"; path = "Resources/Sounds/Basic/ne-nenasadis-ho.mp3"; sourceTree = SOURCE_ROOT; };
		A3F67498222FF8D30088E94A /* do-pice.mp3 */ = {isa = PBXFileReference; lastKnownFileType = audio.mp3; name = "do-pice.mp3"; path = "Resources/Sounds/Basic/do-pice.mp3"; sourceTree = SOURCE_ROOT; };
		A3F67499222FF8D30088E94A /* nevim-jak.mp3 */ = {isa = PBXFileReference; lastKnownFileType = audio.mp3; name = "nevim-jak.mp3"; path = "Resources/Sounds/Basic/nevim-jak.mp3"; sourceTree = SOURCE_ROOT; };
		A3F6749A222FF8D30088E94A /* ja-se-z-toho-musim-pojebat.mp3 */ = {isa = PBXFileReference; lastKnownFileType = audio.mp3; name = "ja-se-z-toho-musim-pojebat.mp3"; path = "Resources/Sounds/Basic/ja-se-z-toho-musim-pojebat.mp3"; sourceTree = SOURCE_ROOT; };
		A3F6749B222FF8D30088E94A /* to-neni-normalni-kurva.mp3 */ = {isa = PBXFileReference; lastKnownFileType = audio.mp3; name = "to-neni-normalni-kurva.mp3"; path = "Resources/Sounds/Basic/to-neni-normalni-kurva.mp3"; sourceTree = SOURCE_ROOT; };
		A3F6749C222FF8D30088E94A /* neresitelny-problem-hosi.mp3 */ = {isa = PBXFileReference; lastKnownFileType = audio.mp3; name = "neresitelny-problem-hosi.mp3"; path = "Resources/Sounds/Basic/neresitelny-problem-hosi.mp3"; sourceTree = SOURCE_ROOT; };
		A3F6749D222FF8D30088E94A /* ani-za-kokot-vole.mp3 */ = {isa = PBXFileReference; lastKnownFileType = audio.mp3; name = "ani-za-kokot-vole.mp3"; path = "Resources/Sounds/Basic/ani-za-kokot-vole.mp3"; sourceTree = SOURCE_ROOT; };
		A3F6749E222FF8D30088E94A /* zasrane-zamrdane.mp3 */ = {isa = PBXFileReference; lastKnownFileType = audio.mp3; name = "zasrane-zamrdane.mp3"; path = "Resources/Sounds/Basic/zasrane-zamrdane.mp3"; sourceTree = SOURCE_ROOT; };
		A3F6749F222FF8D30088E94A /* nenasadim.mp3 */ = {isa = PBXFileReference; lastKnownFileType = audio.mp3; name = nenasadim.mp3; path = Resources/Sounds/Basic/nenasadim.mp3; sourceTree = SOURCE_ROOT; };
		A3F674A0222FF8D30088E94A /* kurva-do-pice-to-neni-mozne.mp3 */ = {isa = PBXFileReference; lastKnownFileType = audio.mp3; name = "kurva-do-pice-to-neni-mozne.mp3"; path = "Resources/Sounds/Basic/kurva-do-pice-to-neni-mozne.mp3"; sourceTree = SOURCE_ROOT; };
		A3F674A1222FF8D30088E94A /* nejvetsi-blbec-na-zemekouli.mp3 */ = {isa = PBXFileReference; lastKnownFileType = audio.mp3; name = "nejvetsi-blbec-na-zemekouli.mp3"; path = "Resources/Sounds/Basic/nejvetsi-blbec-na-zemekouli.mp3"; sourceTree = SOURCE_ROOT; };
		A3F674A2222FF8D30088E94A /* to-sou-nervy-ty-pico.mp3 */ = {isa = PBXFileReference; lastKnownFileType = audio.mp3; name = "to-sou-nervy-ty-pico.mp3"; path = "Resources/Sounds/Basic/to-sou-nervy-ty-pico.mp3"; sourceTree = SOURCE_ROOT; };
		A3F674A3222FF8D30088E94A /* ja-to-nejdu-delat.mp3 */ = {isa = PBXFileReference; lastKnownFileType = audio.mp3; name = "ja-to-nejdu-delat.mp3"; path = "Resources/Sounds/Basic/ja-to-nejdu-delat.mp3"; sourceTree = SOURCE_ROOT; };
		A3F674A4222FF8D30088E94A /* ja-to-mrdam.mp3 */ = {isa = PBXFileReference; lastKnownFileType = audio.mp3; name = "ja-to-mrdam.mp3"; path = "Resources/Sounds/Basic/ja-to-mrdam.mp3"; sourceTree = SOURCE_ROOT; };
		A3F674A5222FF8D30088E94A /* okamzite-zabit-ty-kurvy.mp3 */ = {isa = PBXFileReference; lastKnownFileType = audio.mp3; name = "okamzite-zabit-ty-kurvy.mp3"; path = "Resources/Sounds/Basic/okamzite-zabit-ty-kurvy.mp3"; sourceTree = SOURCE_ROOT; };
		A3F674A6222FF8D40088E94A /* hajzli-jedni.mp3 */ = {isa = PBXFileReference; lastKnownFileType = audio.mp3; name = "hajzli-jedni.mp3"; path = "Resources/Sounds/Basic/hajzli-jedni.mp3"; sourceTree = SOURCE_ROOT; };
		A3F674A7222FF8D40088E94A /* banalni-vec.mp3 */ = {isa = PBXFileReference; lastKnownFileType = audio.mp3; name = "banalni-vec.mp3"; path = "Resources/Sounds/Basic/banalni-vec.mp3"; sourceTree = SOURCE_ROOT; };
		A3F674A8222FF8D40088E94A /* tuto-picu-potrebuju-utahnout.mp3 */ = {isa = PBXFileReference; lastKnownFileType = audio.mp3; name = "tuto-picu-potrebuju-utahnout.mp3"; path = "Resources/Sounds/Basic/tuto-picu-potrebuju-utahnout.mp3"; sourceTree = SOURCE_ROOT; };
		A3F674A9222FF8D40088E94A /* kurva.mp3 */ = {isa = PBXFileReference; lastKnownFileType = audio.mp3; name = kurva.mp3; path = Resources/Sounds/Basic/kurva.mp3; sourceTree = SOURCE_ROOT; };
		A3F674AA222FF8D40088E94A /* nebudu-to-delat.mp3 */ = {isa = PBXFileReference; lastKnownFileType = audio.mp3; name = "nebudu-to-delat.mp3"; path = "Resources/Sounds/Basic/nebudu-to-delat.mp3"; sourceTree = SOURCE_ROOT; };
		A3F674AB222FF8D40088E94A /* abych-mohl-toto.mp3 */ = {isa = PBXFileReference; lastKnownFileType = audio.mp3; name = "abych-mohl-toto.mp3"; path = "Resources/Sounds/Basic/abych-mohl-toto.mp3"; sourceTree = SOURCE_ROOT; };
		A3F674AC222FF8D40088E94A /* jedinou-picovinku.mp3 */ = {isa = PBXFileReference; lastKnownFileType = audio.mp3; name = "jedinou-picovinku.mp3"; path = "Resources/Sounds/Basic/jedinou-picovinku.mp3"; sourceTree = SOURCE_ROOT; };
		A3F674AD222FF8D40088E94A /* hosi-to-je-neuveritelne.mp3 */ = {isa = PBXFileReference; lastKnownFileType = audio.mp3; name = "hosi-to-je-neuveritelne.mp3"; path = "Resources/Sounds/Basic/hosi-to-je-neuveritelne.mp3"; sourceTree = SOURCE_ROOT; };
		A3F674AE222FF8D40088E94A /* pockej-kamo.mp3 */ = {isa = PBXFileReference; lastKnownFileType = audio.mp3; name = "pockej-kamo.mp3"; path = "Resources/Sounds/Basic/pockej-kamo.mp3"; sourceTree = SOURCE_ROOT; };
		A3F674AF222FF8D40088E94A /* jedu-do-pici-stadyma.mp3 */ = {isa = PBXFileReference; lastKnownFileType = audio.mp3; name = "jedu-do-pici-stadyma.mp3"; path = "Resources/Sounds/Basic/jedu-do-pici-stadyma.mp3"; sourceTree = SOURCE_ROOT; };
		A3F674CE222FF8E40088E94A /* kurev.mp3 */ = {isa = PBXFileReference; lastKnownFileType = audio.mp3; path = kurev.mp3; sourceTree = "<group>"; };
		A3F674CF222FF8E40088E94A /* zkurvila.mp3 */ = {isa = PBXFileReference; lastKnownFileType = audio.mp3; path = zkurvila.mp3; sourceTree = "<group>"; };
		A3F674D0222FF8E40088E94A /* kunda.mp3 */ = {isa = PBXFileReference; lastKnownFileType = audio.mp3; path = kunda.mp3; sourceTree = "<group>"; };
		A3F674D1222FF8E40088E94A /* kunda-tam.mp3 */ = {isa = PBXFileReference; lastKnownFileType = audio.mp3; path = "kunda-tam.mp3"; sourceTree = "<group>"; };
		A3F674D2222FF8E40088E94A /* kunda-sem.mp3 */ = {isa = PBXFileReference; lastKnownFileType = audio.mp3; path = "kunda-sem.mp3"; sourceTree = "<group>"; };
		A3F674D3222FF8E40088E94A /* hovno.mp3 */ = {isa = PBXFileReference; lastKnownFileType = audio.mp3; path = hovno.mp3; sourceTree = "<group>"; };
		A3F674DB222FF92C0088E94A /* TrackListViewModel.swift */ = {isa = PBXFileReference; lastKnownFileType = sourcecode.swift; path = TrackListViewModel.swift; sourceTree = "<group>"; };
		ABAB9AADDA5040E66520BB1A /* Pods_MilujuPraci.framework */ = {isa = PBXFileReference; explicitFileType = wrapper.framework; includeInIndex = 0; path = Pods_MilujuPraci.framework; sourceTree = BUILT_PRODUCTS_DIR; };
/* End PBXFileReference section */

/* Begin PBXFrameworksBuildPhase section */
		A31CA35C2226684C00DB35B2 /* Frameworks */ = {
			isa = PBXFrameworksBuildPhase;
			buildActionMask = 2147483647;
			files = (
				A3F6748D222FEFEE0088E94A /* SnapKit.framework in Frameworks */,
			);
			runOnlyForDeploymentPostprocessing = 0;
		};
/* End PBXFrameworksBuildPhase section */

/* Begin PBXGroup section */
		35B13B0B3D9F6D54671C0104 /* Frameworks */ = {
			isa = PBXGroup;
			children = (
				A3F6748C222FEFEE0088E94A /* SnapKit.framework */,
				ABAB9AADDA5040E66520BB1A /* Pods_MilujuPraci.framework */,
			);
			name = Frameworks;
			sourceTree = "<group>";
		};
		A31021E6223074D500B8B4A7 /* Protocols */ = {
			isa = PBXGroup;
			children = (
				A31021E4223074D100B8B4A7 /* Reusable.swift */,
			);
			path = Protocols;
			sourceTree = "<group>";
		};
		A31CA3562226684C00DB35B2 = {
			isa = PBXGroup;
			children = (
				A31CA3612226684C00DB35B2 /* MilujiPraci */,
				A3F6748E222FF8920088E94A /* Resources */,
				A31CA3602226684C00DB35B2 /* Products */,
				35B13B0B3D9F6D54671C0104 /* Frameworks */,
			);
			sourceTree = "<group>";
		};
		A31CA3602226684C00DB35B2 /* Products */ = {
			isa = PBXGroup;
			children = (
				A31CA35F2226684C00DB35B2 /* MilujiPraci.app */,
			);
			name = Products;
			sourceTree = "<group>";
		};
		A31CA3612226684C00DB35B2 /* MilujiPraci */ = {
			isa = PBXGroup;
			children = (
				A3F674DB222FF92C0088E94A /* TrackListViewModel.swift */,
				A31CA3642226684C00DB35B2 /* TrackListViewController.swift */,
				A3F674E6222FF9B10088E94A /* Extensions */,
				A31021E6223074D500B8B4A7 /* Protocols */,
				A3F674E4222FF9A70088E94A /* Views */,
				A3F674E5222FF9AC0088E94A /* Models */,
				A31CA3622226684C00DB35B2 /* AppDelegate.swift */,
				A31CA3742226688900DB35B2 /* Supporting files */,
			);
			path = MilujiPraci;
			sourceTree = "<group>";
		};
		A31CA3742226688900DB35B2 /* Supporting files */ = {
			isa = PBXGroup;
			children = (
				A31CA3692226684E00DB35B2 /* Assets.xcassets */,
				A31CA36B2226684E00DB35B2 /* LaunchScreen.storyboard */,
				A31CA36E2226684E00DB35B2 /* Info.plist */,
			);
			path = "Supporting files";
			sourceTree = "<group>";
		};
		A3F6748E222FF8920088E94A /* Resources */ = {
			isa = PBXGroup;
			children = (
				A3F6748F222FF89A0088E94A /* Sounds */,
			);
			path = Resources;
			sourceTree = "<group>";
		};
		A3F6748F222FF89A0088E94A /* Sounds */ = {
			isa = PBXGroup;
			children = (
				A3F67490222FF89E0088E94A /* Basic */,
				A3F67491222FF8A30088E94A /* Milos */,
			);
			path = Sounds;
			sourceTree = "<group>";
		};
		A3F67490222FF89E0088E94A /* Basic */ = {
			isa = PBXGroup;
			children = (
				A3F674AB222FF8D40088E94A /* abych-mohl-toto.mp3 */,
				A3F67495222FF8D30088E94A /* ani-ocko-nenasadis.mp3 */,
				A3F6749D222FF8D30088E94A /* ani-za-kokot-vole.mp3 */,
				A3F674A7222FF8D40088E94A /* banalni-vec.mp3 */,
				A3F67498222FF8D30088E94A /* do-pice.mp3 */,
				A3F674A6222FF8D40088E94A /* hajzli-jedni.mp3 */,
				A3F674AD222FF8D40088E94A /* hosi-to-je-neuveritelne.mp3 */,
				A3F6749A222FF8D30088E94A /* ja-se-z-toho-musim-pojebat.mp3 */,
				A3F674A4222FF8D30088E94A /* ja-to-mrdam.mp3 */,
				A3F674A3222FF8D30088E94A /* ja-to-nejdu-delat.mp3 */,
				A3F674AC222FF8D40088E94A /* jedinou-picovinku.mp3 */,
				A3F674AF222FF8D40088E94A /* jedu-do-pici-stadyma.mp3 */,
				A3F674A0222FF8D30088E94A /* kurva-do-pice-to-neni-mozne.mp3 */,
				A3F67492222FF8D20088E94A /* kurva-uz.mp3 */,
				A3F674A9222FF8D40088E94A /* kurva.mp3 */,
				A3F67497222FF8D30088E94A /* ne-nenasadis-ho.mp3 */,
				A3F674AA222FF8D40088E94A /* nebudu-to-delat.mp3 */,
				A3F674A1222FF8D30088E94A /* nejvetsi-blbec-na-zemekouli.mp3 */,
				A3F6749F222FF8D30088E94A /* nenasadim.mp3 */,
				A3F6749C222FF8D30088E94A /* neresitelny-problem-hosi.mp3 */,
				A3F67499222FF8D30088E94A /* nevim-jak.mp3 */,
				A3F674A5222FF8D30088E94A /* okamzite-zabit-ty-kurvy.mp3 */,
				A3F67493222FF8D30088E94A /* past-vedle-pasti-pico.mp3 */,
				A3F674AE222FF8D40088E94A /* pockej-kamo.mp3 */,
				A3F67496222FF8D30088E94A /* tady-musis-vsechno-rozdelat.mp3 */,
				A3F67494222FF8D30088E94A /* to-je-pico-nemozne.mp3 */,
				A3F6749B222FF8D30088E94A /* to-neni-normalni-kurva.mp3 */,
				A3F674A2222FF8D30088E94A /* to-sou-nervy-ty-pico.mp3 */,
				A3F674A8222FF8D40088E94A /* tuto-picu-potrebuju-utahnout.mp3 */,
				A3F6749E222FF8D30088E94A /* zasrane-zamrdane.mp3 */,
			);
			path = Basic;
			sourceTree = "<group>";
		};
		A3F67491222FF8A30088E94A /* Milos */ = {
			isa = PBXGroup;
			children = (
				A3F674D3222FF8E40088E94A /* hovno.mp3 */,
				A3F674D2222FF8E40088E94A /* kunda-sem.mp3 */,
				A3F674D1222FF8E40088E94A /* kunda-tam.mp3 */,
				A3F674D0222FF8E40088E94A /* kunda.mp3 */,
				A3F674CE222FF8E40088E94A /* kurev.mp3 */,
				A3F674CF222FF8E40088E94A /* zkurvila.mp3 */,
			);
			path = Milos;
			sourceTree = "<group>";
		};
		A3F674E4222FF9A70088E94A /* Views */ = {
			isa = PBXGroup;
			children = (
				A31021E72230758000B8B4A7 /* CollectionViewSectionHeader.swift */,
				A3F67488222FCF640088E94A /* TrackCollectionViewCell.swift */,
			);
			path = Views;
			sourceTree = "<group>";
		};
		A3F674E5222FF9AC0088E94A /* Models */ = {
			isa = PBXGroup;
			children = (
				A31021E22230748C00B8B4A7 /* Section.swift */,
				A397BA9C22267F2D00FEDE37 /* Track.swift */,
			);
			path = Models;
			sourceTree = "<group>";
		};
		A3F674E6222FF9B10088E94A /* Extensions */ = {
			isa = PBXGroup;
			children = (
				A397BA9A22267E8800FEDE37 /* UIColorExtensions.swift */,
			);
			path = Extensions;
			sourceTree = "<group>";
		};
/* End PBXGroup section */

/* Begin PBXNativeTarget section */
		A31CA35E2226684C00DB35B2 /* MilujiPraci */ = {
			isa = PBXNativeTarget;
			buildConfigurationList = A31CA3712226684E00DB35B2 /* Build configuration list for PBXNativeTarget "MilujiPraci" */;
			buildPhases = (
				A31CA35B2226684C00DB35B2 /* Sources */,
				A31CA35C2226684C00DB35B2 /* Frameworks */,
				A31CA35D2226684C00DB35B2 /* Resources */,
				1L4F4QS6VYVG50JGVB5KN4A3 /* Carthage */,
			);
			buildRules = (
			);
			dependencies = (
				A31021EF2230777A00B8B4A7 /* PBXTargetDependency */,
			);
			name = MilujiPraci;
			productName = MilujuPraci;
			productReference = A31CA35F2226684C00DB35B2 /* MilujiPraci.app */;
			productType = "com.apple.product-type.application";
		};
/* End PBXNativeTarget section */

/* Begin PBXProject section */
		A31CA3572226684C00DB35B2 /* Project object */ = {
			isa = PBXProject;
			attributes = {
				LastSwiftUpdateCheck = 1010;
				LastUpgradeCheck = 1010;
				ORGANIZATIONNAME = "Lukáš Hromadník";
				TargetAttributes = {
					A31021E92230775A00B8B4A7 = {
						CreatedOnToolsVersion = 10.1;
					};
					A31CA35E2226684C00DB35B2 = {
						CreatedOnToolsVersion = 10.1;
						LastSwiftMigration = 1020;
					};
				};
			};
			buildConfigurationList = A31CA35A2226684C00DB35B2 /* Build configuration list for PBXProject "MilujiPraci" */;
			compatibilityVersion = "Xcode 9.3";
			developmentRegion = en;
			hasScannedForEncodings = 0;
			knownRegions = (
				en,
				Base,
			);
			mainGroup = A31CA3562226684C00DB35B2;
			productRefGroup = A31CA3602226684C00DB35B2 /* Products */;
			projectDirPath = "";
			projectRoot = "";
			targets = (
				A31CA35E2226684C00DB35B2 /* MilujiPraci */,
				A31021E92230775A00B8B4A7 /* SwiftLint */,
			);
		};
/* End PBXProject section */

/* Begin PBXResourcesBuildPhase section */
		A31CA35D2226684C00DB35B2 /* Resources */ = {
			isa = PBXResourcesBuildPhase;
			buildActionMask = 2147483647;
			files = (
				A3F674C2222FF8D40088E94A /* ja-to-mrdam.mp3 in Resources */,
				A3F674B6222FF8D40088E94A /* do-pice.mp3 in Resources */,
				A3F674C7222FF8D40088E94A /* kurva.mp3 in Resources */,
				A31CA36D2226684E00DB35B2 /* LaunchScreen.storyboard in Resources */,
				A31CA36A2226684E00DB35B2 /* Assets.xcassets in Resources */,
				A3F674B4222FF8D40088E94A /* tady-musis-vsechno-rozdelat.mp3 in Resources */,
				A3F674B5222FF8D40088E94A /* ne-nenasadis-ho.mp3 in Resources */,
				A3F674B9222FF8D40088E94A /* to-neni-normalni-kurva.mp3 in Resources */,
				A3F674C4222FF8D40088E94A /* hajzli-jedni.mp3 in Resources */,
				A3F674B7222FF8D40088E94A /* nevim-jak.mp3 in Resources */,
				A3F674BC222FF8D40088E94A /* zasrane-zamrdane.mp3 in Resources */,
				A3F674C8222FF8D40088E94A /* nebudu-to-delat.mp3 in Resources */,
				A3F674D5222FF8E40088E94A /* zkurvila.mp3 in Resources */,
				A3F674CA222FF8D40088E94A /* jedinou-picovinku.mp3 in Resources */,
				A3F674C1222FF8D40088E94A /* ja-to-nejdu-delat.mp3 in Resources */,
				A3F674D6222FF8E40088E94A /* kunda.mp3 in Resources */,
				A3F674B2222FF8D40088E94A /* to-je-pico-nemozne.mp3 in Resources */,
				A3F674B1222FF8D40088E94A /* past-vedle-pasti-pico.mp3 in Resources */,
				A3F674CD222FF8D40088E94A /* jedu-do-pici-stadyma.mp3 in Resources */,
				A3F674CC222FF8D40088E94A /* pockej-kamo.mp3 in Resources */,
				A3F674D4222FF8E40088E94A /* kurev.mp3 in Resources */,
				A3F674B8222FF8D40088E94A /* ja-se-z-toho-musim-pojebat.mp3 in Resources */,
				A3F674CB222FF8D40088E94A /* hosi-to-je-neuveritelne.mp3 in Resources */,
				A3F674BD222FF8D40088E94A /* nenasadim.mp3 in Resources */,
				A3F674B3222FF8D40088E94A /* ani-ocko-nenasadis.mp3 in Resources */,
				A3F674BB222FF8D40088E94A /* ani-za-kokot-vole.mp3 in Resources */,
				A3F674BF222FF8D40088E94A /* nejvetsi-blbec-na-zemekouli.mp3 in Resources */,
				A3F674C0222FF8D40088E94A /* to-sou-nervy-ty-pico.mp3 in Resources */,
				A3F674BE222FF8D40088E94A /* kurva-do-pice-to-neni-mozne.mp3 in Resources */,
				A3F674D8222FF8E40088E94A /* kunda-sem.mp3 in Resources */,
				A3F674BA222FF8D40088E94A /* neresitelny-problem-hosi.mp3 in Resources */,
				A3F674C5222FF8D40088E94A /* banalni-vec.mp3 in Resources */,
				A3F674C9222FF8D40088E94A /* abych-mohl-toto.mp3 in Resources */,
				A3F674C3222FF8D40088E94A /* okamzite-zabit-ty-kurvy.mp3 in Resources */,
				A3F674D7222FF8E40088E94A /* kunda-tam.mp3 in Resources */,
				A3F674D9222FF8E40088E94A /* hovno.mp3 in Resources */,
				A3F674B0222FF8D40088E94A /* kurva-uz.mp3 in Resources */,
				A3F674C6222FF8D40088E94A /* tuto-picu-potrebuju-utahnout.mp3 in Resources */,
			);
			runOnlyForDeploymentPostprocessing = 0;
		};
/* End PBXResourcesBuildPhase section */

/* Begin PBXShellScriptBuildPhase section */
		1L4F4QS6VYVG50JGVB5KN4A3 /* Carthage */ = {
			isa = PBXShellScriptBuildPhase;
			buildActionMask = 2147483647;
			files = (
			);
			inputFileListPaths = (
				"$(SRCROOT)/Carthage/xcfilelists/MilujuPraci-inputPaths.xcfilelist",
			);
			inputPaths = (
			);
			name = Carthage;
			outputFileListPaths = (
				"$(SRCROOT)/Carthage/xcfilelists/MilujuPraci-outputPaths.xcfilelist",
			);
			outputPaths = (
			);
			runOnlyForDeploymentPostprocessing = 0;
			shellPath = /bin/sh;
			shellScript = "/usr/local/bin/carthage copy-frameworks";
			showEnvVarsInLog = 0;
		};
		A31021ED2230776100B8B4A7 /* ShellScript */ = {
			isa = PBXShellScriptBuildPhase;
			buildActionMask = 2147483647;
			files = (
			);
			inputFileListPaths = (
			);
			inputPaths = (
			);
			outputFileListPaths = (
			);
			outputPaths = (
			);
			runOnlyForDeploymentPostprocessing = 0;
			shellPath = /bin/sh;
			shellScript = "./Pods/SwiftLint/swiftlint autocorrect\n./Pods/SwiftLint/swiftlint\n";
		};
/* End PBXShellScriptBuildPhase section */

/* Begin PBXSourcesBuildPhase section */
		A31CA35B2226684C00DB35B2 /* Sources */ = {
			isa = PBXSourcesBuildPhase;
			buildActionMask = 2147483647;
			files = (
				A3F674DC222FF92C0088E94A /* TrackListViewModel.swift in Sources */,
				A397BA9B22267E8800FEDE37 /* UIColorExtensions.swift in Sources */,
				A31CA3652226684C00DB35B2 /* TrackListViewController.swift in Sources */,
				A31021E32230748C00B8B4A7 /* Section.swift in Sources */,
				A31021E5223074D100B8B4A7 /* Reusable.swift in Sources */,
				A31CA3632226684C00DB35B2 /* AppDelegate.swift in Sources */,
				A3F67489222FCF640088E94A /* TrackCollectionViewCell.swift in Sources */,
				A397BA9D22267F2D00FEDE37 /* Track.swift in Sources */,
				A31021E82230758000B8B4A7 /* CollectionViewSectionHeader.swift in Sources */,
			);
			runOnlyForDeploymentPostprocessing = 0;
		};
/* End PBXSourcesBuildPhase section */

/* Begin PBXTargetDependency section */
		A31021EF2230777A00B8B4A7 /* PBXTargetDependency */ = {
			isa = PBXTargetDependency;
			target = A31021E92230775A00B8B4A7 /* SwiftLint */;
			targetProxy = A31021EE2230777A00B8B4A7 /* PBXContainerItemProxy */;
		};
/* End PBXTargetDependency section */

/* Begin PBXVariantGroup section */
		A31CA36B2226684E00DB35B2 /* LaunchScreen.storyboard */ = {
			isa = PBXVariantGroup;
			children = (
				A31CA36C2226684E00DB35B2 /* Base */,
			);
			name = LaunchScreen.storyboard;
			sourceTree = "<group>";
		};
/* End PBXVariantGroup section */

/* Begin XCBuildConfiguration section */
		A31021EB2230775A00B8B4A7 /* Debug */ = {
			isa = XCBuildConfiguration;
			buildSettings = {
				CODE_SIGN_STYLE = Automatic;
				DEVELOPMENT_TEAM = PXDF48X6VX;
				PRODUCT_NAME = "$(TARGET_NAME)";
			};
			name = Debug;
		};
		A31021EC2230775A00B8B4A7 /* Release */ = {
			isa = XCBuildConfiguration;
			buildSettings = {
				CODE_SIGN_STYLE = Automatic;
				DEVELOPMENT_TEAM = PXDF48X6VX;
				PRODUCT_NAME = "$(TARGET_NAME)";
			};
			name = Release;
		};
		A31CA36F2226684E00DB35B2 /* Debug */ = {
			isa = XCBuildConfiguration;
			buildSettings = {
				ALWAYS_SEARCH_USER_PATHS = NO;
				CLANG_ANALYZER_NONNULL = YES;
				CLANG_ANALYZER_NUMBER_OBJECT_CONVERSION = YES_AGGRESSIVE;
				CLANG_CXX_LANGUAGE_STANDARD = "gnu++14";
				CLANG_CXX_LIBRARY = "libc++";
				CLANG_ENABLE_MODULES = YES;
				CLANG_ENABLE_OBJC_ARC = YES;
				CLANG_ENABLE_OBJC_WEAK = YES;
				CLANG_WARN_BLOCK_CAPTURE_AUTORELEASING = YES;
				CLANG_WARN_BOOL_CONVERSION = YES;
				CLANG_WARN_COMMA = YES;
				CLANG_WARN_CONSTANT_CONVERSION = YES;
				CLANG_WARN_DEPRECATED_OBJC_IMPLEMENTATIONS = YES;
				CLANG_WARN_DIRECT_OBJC_ISA_USAGE = YES_ERROR;
				CLANG_WARN_DOCUMENTATION_COMMENTS = YES;
				CLANG_WARN_EMPTY_BODY = YES;
				CLANG_WARN_ENUM_CONVERSION = YES;
				CLANG_WARN_INFINITE_RECURSION = YES;
				CLANG_WARN_INT_CONVERSION = YES;
				CLANG_WARN_NON_LITERAL_NULL_CONVERSION = YES;
				CLANG_WARN_OBJC_IMPLICIT_RETAIN_SELF = YES;
				CLANG_WARN_OBJC_LITERAL_CONVERSION = YES;
				CLANG_WARN_OBJC_ROOT_CLASS = YES_ERROR;
				CLANG_WARN_RANGE_LOOP_ANALYSIS = YES;
				CLANG_WARN_STRICT_PROTOTYPES = YES;
				CLANG_WARN_SUSPICIOUS_MOVE = YES;
				CLANG_WARN_UNGUARDED_AVAILABILITY = YES_AGGRESSIVE;
				CLANG_WARN_UNREACHABLE_CODE = YES;
				CLANG_WARN__DUPLICATE_METHOD_MATCH = YES;
				CODE_SIGN_IDENTITY = "iPhone Developer";
				COPY_PHASE_STRIP = NO;
				DEBUG_INFORMATION_FORMAT = dwarf;
				ENABLE_STRICT_OBJC_MSGSEND = YES;
				ENABLE_TESTABILITY = YES;
				GCC_C_LANGUAGE_STANDARD = gnu11;
				GCC_DYNAMIC_NO_PIC = NO;
				GCC_NO_COMMON_BLOCKS = YES;
				GCC_OPTIMIZATION_LEVEL = 0;
				GCC_PREPROCESSOR_DEFINITIONS = (
					"DEBUG=1",
					"$(inherited)",
				);
				GCC_WARN_64_TO_32_BIT_CONVERSION = YES;
				GCC_WARN_ABOUT_RETURN_TYPE = YES_ERROR;
				GCC_WARN_UNDECLARED_SELECTOR = YES;
				GCC_WARN_UNINITIALIZED_AUTOS = YES_AGGRESSIVE;
				GCC_WARN_UNUSED_FUNCTION = YES;
				GCC_WARN_UNUSED_VARIABLE = YES;
				IPHONEOS_DEPLOYMENT_TARGET = 12.1;
				MTL_ENABLE_DEBUG_INFO = INCLUDE_SOURCE;
				MTL_FAST_MATH = YES;
				ONLY_ACTIVE_ARCH = YES;
				SDKROOT = iphoneos;
				SWIFT_ACTIVE_COMPILATION_CONDITIONS = DEBUG;
				SWIFT_OPTIMIZATION_LEVEL = "-Onone";
			};
			name = Debug;
		};
		A31CA3702226684E00DB35B2 /* Release */ = {
			isa = XCBuildConfiguration;
			buildSettings = {
				ALWAYS_SEARCH_USER_PATHS = NO;
				CLANG_ANALYZER_NONNULL = YES;
				CLANG_ANALYZER_NUMBER_OBJECT_CONVERSION = YES_AGGRESSIVE;
				CLANG_CXX_LANGUAGE_STANDARD = "gnu++14";
				CLANG_CXX_LIBRARY = "libc++";
				CLANG_ENABLE_MODULES = YES;
				CLANG_ENABLE_OBJC_ARC = YES;
				CLANG_ENABLE_OBJC_WEAK = YES;
				CLANG_WARN_BLOCK_CAPTURE_AUTORELEASING = YES;
				CLANG_WARN_BOOL_CONVERSION = YES;
				CLANG_WARN_COMMA = YES;
				CLANG_WARN_CONSTANT_CONVERSION = YES;
				CLANG_WARN_DEPRECATED_OBJC_IMPLEMENTATIONS = YES;
				CLANG_WARN_DIRECT_OBJC_ISA_USAGE = YES_ERROR;
				CLANG_WARN_DOCUMENTATION_COMMENTS = YES;
				CLANG_WARN_EMPTY_BODY = YES;
				CLANG_WARN_ENUM_CONVERSION = YES;
				CLANG_WARN_INFINITE_RECURSION = YES;
				CLANG_WARN_INT_CONVERSION = YES;
				CLANG_WARN_NON_LITERAL_NULL_CONVERSION = YES;
				CLANG_WARN_OBJC_IMPLICIT_RETAIN_SELF = YES;
				CLANG_WARN_OBJC_LITERAL_CONVERSION = YES;
				CLANG_WARN_OBJC_ROOT_CLASS = YES_ERROR;
				CLANG_WARN_RANGE_LOOP_ANALYSIS = YES;
				CLANG_WARN_STRICT_PROTOTYPES = YES;
				CLANG_WARN_SUSPICIOUS_MOVE = YES;
				CLANG_WARN_UNGUARDED_AVAILABILITY = YES_AGGRESSIVE;
				CLANG_WARN_UNREACHABLE_CODE = YES;
				CLANG_WARN__DUPLICATE_METHOD_MATCH = YES;
				CODE_SIGN_IDENTITY = "iPhone Developer";
				COPY_PHASE_STRIP = NO;
				DEBUG_INFORMATION_FORMAT = "dwarf-with-dsym";
				ENABLE_NS_ASSERTIONS = NO;
				ENABLE_STRICT_OBJC_MSGSEND = YES;
				GCC_C_LANGUAGE_STANDARD = gnu11;
				GCC_NO_COMMON_BLOCKS = YES;
				GCC_WARN_64_TO_32_BIT_CONVERSION = YES;
				GCC_WARN_ABOUT_RETURN_TYPE = YES_ERROR;
				GCC_WARN_UNDECLARED_SELECTOR = YES;
				GCC_WARN_UNINITIALIZED_AUTOS = YES_AGGRESSIVE;
				GCC_WARN_UNUSED_FUNCTION = YES;
				GCC_WARN_UNUSED_VARIABLE = YES;
				IPHONEOS_DEPLOYMENT_TARGET = 12.1;
				MTL_ENABLE_DEBUG_INFO = NO;
				MTL_FAST_MATH = YES;
				SDKROOT = iphoneos;
				SWIFT_COMPILATION_MODE = wholemodule;
				SWIFT_OPTIMIZATION_LEVEL = "-O";
				VALIDATE_PRODUCT = YES;
			};
			name = Release;
		};
		A31CA3722226684E00DB35B2 /* Debug */ = {
			isa = XCBuildConfiguration;
			buildSettings = {
				ASSETCATALOG_COMPILER_APPICON_NAME = AppIcon;
				CODE_SIGN_IDENTITY = "iPhone Developer: Pan CI (Q8VZP6UP2N)";
				CODE_SIGN_STYLE = Manual;
				DEVELOPMENT_TEAM = PXDF48X6VX;
				FRAMEWORK_SEARCH_PATHS = (
					"$(inherited)",
					"$(PROJECT_DIR)/Carthage/Build/iOS",
				);
				INFOPLIST_FILE = "$(SRCROOT)/MilujiPraci/Supporting files/Info.plist";
				LD_RUNPATH_SEARCH_PATHS = (
					"$(inherited)",
					"@executable_path/Frameworks",
				);
				PRODUCT_BUNDLE_IDENTIFIER = cz.ackee.enterprise.MilujiPraci;
				PRODUCT_NAME = "$(TARGET_NAME)";
				PROVISIONING_PROFILE_SPECIFIER = "match Development cz.ackee.enterprise.*";
				SWIFT_VERSION = 5.0;
				TARGETED_DEVICE_FAMILY = "1,2";
			};
			name = Debug;
		};
		A31CA3732226684E00DB35B2 /* Release */ = {
			isa = XCBuildConfiguration;
			buildSettings = {
				ASSETCATALOG_COMPILER_APPICON_NAME = AppIcon;
				CODE_SIGN_IDENTITY = "iPhone Distribution";
				CODE_SIGN_STYLE = Manual;
				DEVELOPMENT_TEAM = PXDF48X6VX;
				FRAMEWORK_SEARCH_PATHS = (
					"$(inherited)",
					"$(PROJECT_DIR)/Carthage/Build/iOS",
				);
				INFOPLIST_FILE = "$(SRCROOT)/MilujiPraci/Supporting files/Info.plist";
				LD_RUNPATH_SEARCH_PATHS = (
					"$(inherited)",
					"@executable_path/Frameworks",
				);
				PRODUCT_BUNDLE_IDENTIFIER = cz.ackee.enterprise.MilujiPraci;
				PRODUCT_NAME = "$(TARGET_NAME)";
				PROVISIONING_PROFILE_SPECIFIER = "match InHouse cz.ackee.enterprise.*";
				SWIFT_VERSION = 5.0;
				TARGETED_DEVICE_FAMILY = "1,2";
			};
			name = Release;
		};
/* End XCBuildConfiguration section */

/* Begin XCConfigurationList section */
		A31021EA2230775A00B8B4A7 /* Build configuration list for PBXAggregateTarget "SwiftLint" */ = {
			isa = XCConfigurationList;
			buildConfigurations = (
				A31021EB2230775A00B8B4A7 /* Debug */,
				A31021EC2230775A00B8B4A7 /* Release */,
			);
			defaultConfigurationIsVisible = 0;
			defaultConfigurationName = Release;
		};
		A31CA35A2226684C00DB35B2 /* Build configuration list for PBXProject "MilujiPraci" */ = {
			isa = XCConfigurationList;
			buildConfigurations = (
				A31CA36F2226684E00DB35B2 /* Debug */,
				A31CA3702226684E00DB35B2 /* Release */,
			);
			defaultConfigurationIsVisible = 0;
			defaultConfigurationName = Release;
		};
		A31CA3712226684E00DB35B2 /* Build configuration list for PBXNativeTarget "MilujiPraci" */ = {
			isa = XCConfigurationList;
			buildConfigurations = (
				A31CA3722226684E00DB35B2 /* Debug */,
				A31CA3732226684E00DB35B2 /* Release */,
			);
			defaultConfigurationIsVisible = 0;
			defaultConfigurationName = Release;
		};
/* End XCConfigurationList section */
	};
	rootObject = A31CA3572226684C00DB35B2 /* Project object */;
}
